<?xml version="1.0" encoding="utf-8"?>
<Project ToolsVersion="4.0" xmlns="http://schemas.microsoft.com/developer/msbuild/2003">
  <ItemGroup>
    <Filter Include="Headers">
      <UniqueIdentifier>{5034cc57-c7ba-44dc-856a-937165898868}</UniqueIdentifier>
    </Filter>
  </ItemGroup>
  <ItemGroup>
    <ClInclude Include="..\..\fltk3\Adjuster.h">
      <Filter>Headers</Filter>
    </ClInclude>
    <ClInclude Include="..\..\fltk3\ask.h">
      <Filter>Headers</Filter>
    </ClInclude>
    <ClInclude Include="..\..\fltk3\Bitmap.h">
      <Filter>Headers</Filter>
    </ClInclude>
    <ClInclude Include="..\..\fltk3\BMPImage.h">
      <Filter>Headers</Filter>
    </ClInclude>
    <ClInclude Include="..\..\fltk3\Box.h">
      <Filter>Headers</Filter>
    </ClInclude>
    <ClInclude Include="..\..\fltk3\Browser_.h">
      <Filter>Headers</Filter>
    </ClInclude>
    <ClInclude Include="..\..\fltk3\Browser.h">
      <Filter>Headers</Filter>
    </ClInclude>
    <ClInclude Include="..\..\fltk3\Button.h">
      <Filter>Headers</Filter>
    </ClInclude>
    <ClInclude Include="..\..\fltk3\Cairo.h">
      <Filter>Headers</Filter>
    </ClInclude>
    <ClInclude Include="..\..\fltk3\CairoWindow.h">
      <Filter>Headers</Filter>
    </ClInclude>
    <ClInclude Include="..\..\fltk3\Chart.h">
      <Filter>Headers</Filter>
    </ClInclude>
    <ClInclude Include="..\..\fltk3\CheckBrowser.h">
      <Filter>Headers</Filter>
    </ClInclude>
    <ClInclude Include="..\..\fltk3\CheckButton.h">
      <Filter>Headers</Filter>
    </ClInclude>
    <ClInclude Include="..\..\fltk3\Choice.h">
      <Filter>Headers</Filter>
    </ClInclude>
    <ClInclude Include="..\..\fltk3\Clock.h">
      <Filter>Headers</Filter>
    </ClInclude>
    <ClInclude Include="..\..\fltk3\ColorChooser.h">
      <Filter>Headers</Filter>
    </ClInclude>
    <ClInclude Include="..\..\fltk3\Counter.h">
      <Filter>Headers</Filter>
    </ClInclude>
    <ClInclude Include="..\..\fltk3\Device.h">
      <Filter>Headers</Filter>
    </ClInclude>
    <ClInclude Include="..\..\fltk3\Dial.h">
      <Filter>Headers</Filter>
    </ClInclude>
    <ClInclude Include="..\..\fltk3\dirent.h">
      <Filter>Headers</Filter>
    </ClInclude>
    <ClInclude Include="..\..\fltk3\DoubleWindow.h">
      <Filter>Headers</Filter>
    </ClInclude>
    <ClInclude Include="..\..\fltk3\draw.h">
      <Filter>Headers</Filter>
    </ClInclude>
    <ClInclude Include="..\..\fltk3\enumerations.h">
      <Filter>Headers</Filter>
    </ClInclude>
    <ClInclude Include="..\..\fltk3\Export.h">
      <Filter>Headers</Filter>
    </ClInclude>
    <ClInclude Include="..\..\fltk3\FileBrowser.h">
      <Filter>Headers</Filter>
    </ClInclude>
    <ClInclude Include="..\..\fltk3\FileChooser.h">
      <Filter>Headers</Filter>
    </ClInclude>
    <ClInclude Include="..\..\fltk3\FileIcon.h">
      <Filter>Headers</Filter>
    </ClInclude>
    <ClInclude Include="..\..\fltk3\FileInput.h">
      <Filter>Headers</Filter>
    </ClInclude>
    <ClInclude Include="..\..\fltk3\filename.h">
      <Filter>Headers</Filter>
    </ClInclude>
    <ClInclude Include="..\..\fltk3\FillDial.h">
      <Filter>Headers</Filter>
    </ClInclude>
    <ClInclude Include="..\..\fltk3\FillSlider.h">
      <Filter>Headers</Filter>
    </ClInclude>
    <ClInclude Include="..\..\fltk3\FloatInput.h">
      <Filter>Headers</Filter>
    </ClInclude>
    <ClInclude Include="..\..\fltk3\forms.h">
      <Filter>Headers</Filter>
    </ClInclude>
    <ClInclude Include="..\..\fltk3\FormsBitmap.h">
      <Filter>Headers</Filter>
    </ClInclude>
    <ClInclude Include="..\..\fltk3\FormsPixmap.h">
      <Filter>Headers</Filter>
    </ClInclude>
    <ClInclude Include="..\..\fltk3\Free.h">
      <Filter>Headers</Filter>
    </ClInclude>
    <ClInclude Include="..\..\fltk3\GIFImage.h">
      <Filter>Headers</Filter>
    </ClInclude>
    <ClInclude Include="..\..\fltk3\gl.h">
      <Filter>Headers</Filter>
    </ClInclude>
    <ClInclude Include="..\..\fltk3\gl2opengl.h">
      <Filter>Headers</Filter>
    </ClInclude>
    <ClInclude Include="..\..\fltk3\glDraw.h">
      <Filter>Headers</Filter>
    </ClInclude>
    <ClInclude Include="..\..\fltk3\glu.h">
      <Filter>Headers</Filter>
    </ClInclude>
    <ClInclude Include="..\..\fltk3\glut.h">
      <Filter>Headers</Filter>
    </ClInclude>
    <ClInclude Include="..\..\fltk3\GlWindow.h">
      <Filter>Headers</Filter>
    </ClInclude>
    <ClInclude Include="..\..\fltk3\Group.h">
      <Filter>Headers</Filter>
    </ClInclude>
    <ClInclude Include="..\..\fltk3\HelpDialog.h">
      <Filter>Headers</Filter>
    </ClInclude>
    <ClInclude Include="..\..\fltk3\HelpView.h">
      <Filter>Headers</Filter>
    </ClInclude>
    <ClInclude Include="..\..\fltk3\HoldBrowser.h">
      <Filter>Headers</Filter>
    </ClInclude>
    <ClInclude Include="..\..\fltk3\HorFillSlider.h">
      <Filter>Headers</Filter>
    </ClInclude>
    <ClInclude Include="..\..\fltk3\HorNiceSlider.h">
      <Filter>Headers</Filter>
    </ClInclude>
    <ClInclude Include="..\..\fltk3\HorSlider.h">
      <Filter>Headers</Filter>
    </ClInclude>
    <ClInclude Include="..\..\fltk3\HorValueSlider.h">
      <Filter>Headers</Filter>
    </ClInclude>
    <ClInclude Include="..\..\fltk3\Image.h">
      <Filter>Headers</Filter>
    </ClInclude>
    <ClInclude Include="..\..\fltk3\Input_.h">
      <Filter>Headers</Filter>
    </ClInclude>
    <ClInclude Include="..\..\fltk3\Input.h">
      <Filter>Headers</Filter>
    </ClInclude>
    <ClInclude Include="..\..\fltk3\InputChoice.h">
      <Filter>Headers</Filter>
    </ClInclude>
    <ClInclude Include="..\..\fltk3\IntInput.h">
      <Filter>Headers</Filter>
    </ClInclude>
    <ClInclude Include="..\..\fltk3\JPEGImage.h">
      <Filter>Headers</Filter>
    </ClInclude>
    <ClInclude Include="..\..\fltk3\LightButton.h">
      <Filter>Headers</Filter>
    </ClInclude>
    <ClInclude Include="..\..\fltk3\LineDial.h">
      <Filter>Headers</Filter>
    </ClInclude>
    <ClInclude Include="..\..\fltk3\math.h">
      <Filter>Headers</Filter>
    </ClInclude>
    <ClInclude Include="..\..\fltk3\Menu_.h">
      <Filter>Headers</Filter>
    </ClInclude>
    <ClInclude Include="..\..\fltk3\Menu.h">
      <Filter>Headers</Filter>
    </ClInclude>
    <ClInclude Include="..\..\fltk3\MenuBar.h">
      <Filter>Headers</Filter>
    </ClInclude>
    <ClInclude Include="..\..\fltk3\MenuButton.h">
      <Filter>Headers</Filter>
    </ClInclude>
    <ClInclude Include="..\..\fltk3\MenuItem.h">
      <Filter>Headers</Filter>
    </ClInclude>
    <ClInclude Include="..\..\fltk3\MenuWindow.h">
      <Filter>Headers</Filter>
    </ClInclude>
    <ClInclude Include="..\..\fltk3\message.h">
      <Filter>Headers</Filter>
    </ClInclude>
    <ClInclude Include="..\..\fltk3\MultiBrowser.h">
      <Filter>Headers</Filter>
    </ClInclude>
    <ClInclude Include="..\..\fltk3\MultiLabel.h">
      <Filter>Headers</Filter>
    </ClInclude>
    <ClInclude Include="..\..\fltk3\MultilineInput.h">
      <Filter>Headers</Filter>
    </ClInclude>
    <ClInclude Include="..\..\fltk3\MultilineOutput.h">
      <Filter>Headers</Filter>
    </ClInclude>
    <ClInclude Include="..\..\fltk3\names.h">
      <Filter>Headers</Filter>
    </ClInclude>
    <ClInclude Include="..\..\fltk3\NativeFileChooser.h">
      <Filter>Headers</Filter>
    </ClInclude>
    <ClInclude Include="..\..\fltk3\NiceSlider.h">
      <Filter>Headers</Filter>
    </ClInclude>
    <ClInclude Include="..\..\fltk3\Object.h">
      <Filter>Headers</Filter>
    </ClInclude>
    <ClInclude Include="..\..\fltk3\osx.h">
      <Filter>Headers</Filter>
    </ClInclude>
    <ClInclude Include="..\..\fltk3\Output.h">
      <Filter>Headers</Filter>
    </ClInclude>
    <ClInclude Include="..\..\fltk3\OverlayWindow.h">
      <Filter>Headers</Filter>
    </ClInclude>
    <ClInclude Include="..\..\fltk3\PackedGroup.h">
      <Filter>Headers</Filter>
    </ClInclude>
    <ClInclude Include="..\..\fltk3\PagedDevice.h">
      <Filter>Headers</Filter>
    </ClInclude>
    <ClInclude Include="..\..\fltk3\Pixmap.h">
      <Filter>Headers</Filter>
    </ClInclude>
    <ClInclude Include="..\..\fltk3\Plugin.h">
      <Filter>Headers</Filter>
    </ClInclude>
    <ClInclude Include="..\..\fltk3\PNGImage.h">
      <Filter>Headers</Filter>
    </ClInclude>
    <ClInclude Include="..\..\fltk3\PNMImage.h">
      <Filter>Headers</Filter>
    </ClInclude>
    <ClInclude Include="..\..\fltk3\Positioner.h">
      <Filter>Headers</Filter>
    </ClInclude>
    <ClInclude Include="..\..\fltk3\PostScript.h">
      <Filter>Headers</Filter>
    </ClInclude>
    <ClInclude Include="..\..\fltk3\Preferences.h">
      <Filter>Headers</Filter>
    </ClInclude>
    <ClInclude Include="..\..\fltk3\Printer.h">
      <Filter>Headers</Filter>
    </ClInclude>
    <ClInclude Include="..\..\fltk3\Progress.h">
      <Filter>Headers</Filter>
    </ClInclude>
    <ClInclude Include="..\..\fltk3\RadioButton.h">
      <Filter>Headers</Filter>
    </ClInclude>
    <ClInclude Include="..\..\fltk3\RadioLightButton.h">
      <Filter>Headers</Filter>
    </ClInclude>
    <ClInclude Include="..\..\fltk3\RadioRoundButton.h">
      <Filter>Headers</Filter>
    </ClInclude>
    <ClInclude Include="..\..\fltk3\Rectangle.h">
      <Filter>Headers</Filter>
    </ClInclude>
    <ClInclude Include="..\..\fltk3\RepeatButton.h">
      <Filter>Headers</Filter>
    </ClInclude>
    <ClInclude Include="..\..\fltk3\ReturnButton.h">
      <Filter>Headers</Filter>
    </ClInclude>
    <ClInclude Include="..\..\fltk3\RGBImage.h">
      <Filter>Headers</Filter>
    </ClInclude>
    <ClInclude Include="..\..\fltk3\Roller.h">
      <Filter>Headers</Filter>
    </ClInclude>
    <ClInclude Include="..\..\fltk3\RoundButton.h">
      <Filter>Headers</Filter>
    </ClInclude>
    <ClInclude Include="..\..\fltk3\RoundClock.h">
      <Filter>Headers</Filter>
    </ClInclude>
    <ClInclude Include="..\..\fltk3\run.h">
      <Filter>Headers</Filter>
    </ClInclude>
    <ClInclude Include="..\..\fltk3\Scrollbar.h">
      <Filter>Headers</Filter>
    </ClInclude>
    <ClInclude Include="..\..\fltk3\ScrollGroup.h">
      <Filter>Headers</Filter>
    </ClInclude>
    <ClInclude Include="..\..\fltk3\SecretInput.h">
      <Filter>Headers</Filter>
    </ClInclude>
    <ClInclude Include="..\..\fltk3\SelectBrowser.h">
      <Filter>Headers</Filter>
    </ClInclude>
    <ClInclude Include="..\..\fltk3\SharedImage.h">
      <Filter>Headers</Filter>
    </ClInclude>
    <ClInclude Include="..\..\fltk3\show_colormap.h">
      <Filter>Headers</Filter>
    </ClInclude>
    <ClInclude Include="..\..\fltk3\showInput.h">
      <Filter>Headers</Filter>
    </ClInclude>
    <ClInclude Include="..\..\fltk3\SimpleCounter.h">
      <Filter>Headers</Filter>
    </ClInclude>
    <ClInclude Include="..\..\fltk3\SingleWindow.h">
      <Filter>Headers</Filter>
    </ClInclude>
    <ClInclude Include="..\..\fltk3\Slider.h">
      <Filter>Headers</Filter>
    </ClInclude>
    <ClInclude Include="..\..\fltk3\Spinner.h">
      <Filter>Headers</Filter>
    </ClInclude>
    <ClInclude Include="..\..\fltk3\SysMenuBar.h">
      <Filter>Headers</Filter>
    </ClInclude>
    <ClInclude Include="..\..\fltk3\TabGroup.h">
      <Filter>Headers</Filter>
    </ClInclude>
    <ClInclude Include="..\..\fltk3\Table.h">
      <Filter>Headers</Filter>
    </ClInclude>
    <ClInclude Include="..\..\fltk3\TableRow.h">
      <Filter>Headers</Filter>
    </ClInclude>
    <ClInclude Include="..\..\fltk3\TextBuffer.h">
      <Filter>Headers</Filter>
    </ClInclude>
    <ClInclude Include="..\..\fltk3\TextDisplay.h">
      <Filter>Headers</Filter>
    </ClInclude>
    <ClInclude Include="..\..\fltk3\TextEditor.h">
      <Filter>Headers</Filter>
    </ClInclude>
    <ClInclude Include="..\..\fltk3\TiledGroup.h">
      <Filter>Headers</Filter>
    </ClInclude>
    <ClInclude Include="..\..\fltk3\TiledImage.h">
      <Filter>Headers</Filter>
    </ClInclude>
    <ClInclude Include="..\..\fltk3\Timer.h">
      <Filter>Headers</Filter>
    </ClInclude>
    <ClInclude Include="..\..\fltk3\ToggleButton.h">
      <Filter>Headers</Filter>
    </ClInclude>
    <ClInclude Include="..\..\fltk3\ToggleLightButton.h">
      <Filter>Headers</Filter>
    </ClInclude>
    <ClInclude Include="..\..\fltk3\ToggleRoundButton.h">
      <Filter>Headers</Filter>
    </ClInclude>
    <ClInclude Include="..\..\fltk3\Tooltip.h">
      <Filter>Headers</Filter>
    </ClInclude>
    <ClInclude Include="..\..\fltk3\Tree.h">
      <Filter>Headers</Filter>
    </ClInclude>
    <ClInclude Include="..\..\fltk3\TreeItem.h">
      <Filter>Headers</Filter>
    </ClInclude>
    <ClInclude Include="..\..\fltk3\TreeItemArray.h">
      <Filter>Headers</Filter>
    </ClInclude>
    <ClInclude Include="..\..\fltk3\TreePrefs.h">
      <Filter>Headers</Filter>
    </ClInclude>
    <ClInclude Include="..\..\fltk3\types.h">
      <Filter>Headers</Filter>
    </ClInclude>
    <ClInclude Include="..\..\fltk3\utf8.h">
      <Filter>Headers</Filter>
    </ClInclude>
    <ClInclude Include="..\..\fltk3\Valuator.h">
      <Filter>Headers</Filter>
    </ClInclude>
    <ClInclude Include="..\..\fltk3\ValueInput.h">
      <Filter>Headers</Filter>
    </ClInclude>
    <ClInclude Include="..\..\fltk3\ValueOutput.h">
      <Filter>Headers</Filter>
    </ClInclude>
    <ClInclude Include="..\..\fltk3\ValueSlider.h">
      <Filter>Headers</Filter>
    </ClInclude>
    <ClInclude Include="..\..\fltk3\Widget.h">
      <Filter>Headers</Filter>
    </ClInclude>
    <ClInclude Include="..\..\fltk3\win32.h">
      <Filter>Headers</Filter>
    </ClInclude>
    <ClInclude Include="..\..\fltk3\Window.h">
      <Filter>Headers</Filter>
    </ClInclude>
    <ClInclude Include="..\..\fltk3\WizardGroup.h">
      <Filter>Headers</Filter>
    </ClInclude>
    <ClInclude Include="..\..\fltk3\Wrapper.h">
      <Filter>Headers</Filter>
    </ClInclude>
    <ClInclude Include="..\..\fltk3\x.h">
      <Filter>Headers</Filter>
    </ClInclude>
    <ClInclude Include="..\..\fltk3\XBMImage.h">
      <Filter>Headers</Filter>
    </ClInclude>
    <ClInclude Include="..\..\fltk3\XPMImage.h">
      <Filter>Headers</Filter>
    </ClInclude>
    <ClInclude Include="..\..\fltk3\Xutf8.h">
      <Filter>Headers</Filter>
    </ClInclude>
  </ItemGroup>
  <ItemGroup>
    <ClInclude Include="..\..\src\Fl.cxx" />
    <ClInclude Include="..\..\src\Fl_Adjuster.cxx" />
    <ClInclude Include="..\..\src\Fl_Bitmap.cxx" />
    <ClInclude Include="..\..\src\Fl_Box.cxx" />
    <ClInclude Include="..\..\src\Fl_Browser.cxx" />
    <ClInclude Include="..\..\src\Fl_Browser_.cxx" />
    <ClInclude Include="..\..\src\Fl_Browser_load.cxx" />
    <ClInclude Include="..\..\src\Fl_Button.cxx" />
    <ClInclude Include="..\..\src\Fl_Chart.cxx" />
    <ClInclude Include="..\..\src\Fl_Check_Browser.cxx" />
    <ClInclude Include="..\..\src\Fl_Check_Button.cxx" />
    <ClInclude Include="..\..\src\Fl_Choice.cxx" />
    <ClInclude Include="..\..\src\Fl_Clock.cxx" />
    <ClInclude Include="..\..\src\Fl_Color_Chooser.cxx" />
    <ClInclude Include="..\..\src\Fl_Counter.cxx" />
    <ClInclude Include="..\..\src\Fl_Device.cxx" />
    <ClInclude Include="..\..\src\Fl_Dial.cxx" />
    <ClInclude Include="..\..\src\Fl_Double_Window.cxx" />
    <ClInclude Include="..\..\src\Fl_File_Browser.cxx" />
    <ClInclude Include="..\..\src\Fl_File_Chooser.cxx" />
    <ClInclude Include="..\..\src\Fl_File_Chooser2.cxx" />
    <ClInclude Include="..\..\src\Fl_File_Icon.cxx" />
    <ClInclude Include="..\..\src\Fl_File_Input.cxx" />
    <ClInclude Include="..\..\src\Fl_Group.cxx" />
    <ClInclude Include="..\..\src\Fl_Help_View.cxx" />
    <ClInclude Include="..\..\src\Fl_Image.cxx" />
    <ClInclude Include="..\..\src\Fl_Input.cxx" />
    <ClInclude Include="..\..\src\Fl_Input_.cxx" />
    <ClInclude Include="..\..\src\Fl_Light_Button.cxx" />
    <ClInclude Include="..\..\src\Fl_Menu.cxx" />
    <ClInclude Include="..\..\src\Fl_Menu_.cxx" />
    <ClInclude Include="..\..\src\Fl_Menu_Bar.cxx" />
    <ClInclude Include="..\..\src\Fl_Menu_Button.cxx" />
    <ClInclude Include="..\..\src\Fl_Menu_Window.cxx" />
    <ClInclude Include="..\..\src\Fl_Menu_add.cxx" />
    <ClInclude Include="..\..\src\Fl_Menu_global.cxx" />
    <ClInclude Include="..\..\src\Fl_Multi_Label.cxx" />
    <ClInclude Include="..\..\src\Fl_Native_File_Chooser.cxx" />
    <ClInclude Include="..\..\src\Fl_Overlay_Window.cxx" />
    <ClInclude Include="..\..\src\Fl_Pack.cxx" />
    <ClInclude Include="..\..\src\Fl_Paged_Device.cxx" />
    <ClInclude Include="..\..\src\Fl_Pixmap.cxx" />
    <ClInclude Include="..\..\src\Fl_Positioner.cxx" />
    <ClInclude Include="..\..\src\Fl_Printer.cxx" />
    <ClInclude Include="..\..\src\Fl_Preferences.cxx" />
    <ClInclude Include="..\..\src\Fl_Progress.cxx" />
    <ClInclude Include="..\..\src\Fl_Repeat_Button.cxx" />
    <ClInclude Include="..\..\src\Fl_Return_Button.cxx" />
    <ClInclude Include="..\..\src\Fl_Roller.cxx" />
    <ClInclude Include="..\..\src\Fl_Round_Button.cxx" />
    <ClInclude Include="..\..\src\Fl_Scroll.cxx" />
    <ClInclude Include="..\..\src\Fl_Scrollbar.cxx" />
    <ClInclude Include="..\..\src\Fl_Shared_Image.cxx" />
    <ClInclude Include="..\..\src\Fl_Single_Window.cxx" />
    <ClInclude Include="..\..\src\Fl_Slider.cxx" />
    <ClInclude Include="..\..\src\Fl_Sys_Menu_Bar.cxx" />
    <ClInclude Include="..\..\src\Fl_Table.cxx" />
    <ClInclude Include="..\..\src\Fl_Table_Row.cxx" />
    <ClInclude Include="..\..\src\Fl_Tabs.cxx" />
    <ClInclude Include="..\..\src\Fl_Text_Buffer.cxx" />
    <ClInclude Include="..\..\src\Fl_Text_Display.cxx" />
    <ClInclude Include="..\..\src\Fl_Text_Editor.cxx" />
    <ClInclude Include="..\..\src\Fl_Tile.cxx" />
    <ClInclude Include="..\..\src\Fl_Tiled_Image.cxx" />
    <ClInclude Include="..\..\src\Fl_Tooltip.cxx" />
    <ClInclude Include="..\..\src\Fl_Tree.cxx" />
    <ClInclude Include="..\..\src\Fl_Tree_Item.cxx" />
    <ClInclude Include="..\..\src\Fl_Tree_Item_Array.cxx" />
    <ClInclude Include="..\..\src\Fl_Tree_Prefs.cxx" />
    <ClInclude Include="..\..\src\Fl_Valuator.cxx" />
    <ClInclude Include="..\..\src\Fl_Value_Input.cxx" />
    <ClInclude Include="..\..\src\Fl_Value_Output.cxx" />
    <ClInclude Include="..\..\src\Fl_Value_Slider.cxx" />
    <ClInclude Include="..\..\src\Fl_Widget.cxx" />
    <ClInclude Include="..\..\src\Fl_Window.cxx" />
    <ClInclude Include="..\..\src\Fl_Window_fullscreen.cxx" />
    <ClInclude Include="..\..\src\Fl_Window_hotspot.cxx" />
    <ClInclude Include="..\..\src\Fl_Window_iconize.cxx" />
    <ClInclude Include="..\..\src\Fl_Wizard.cxx" />
    <ClInclude Include="..\..\src\Fl_XBM_Image.cxx" />
    <ClInclude Include="..\..\src\Fl_XPM_Image.cxx" />
    <ClInclude Include="..\..\src\Fl_abort.cxx" />
    <ClInclude Include="..\..\src\Fl_add_idle.cxx" />
    <ClInclude Include="..\..\src\Fl_arg.cxx" />
    <ClInclude Include="..\..\src\Fl_compose.cxx" />
    <ClInclude Include="..\..\src\Fl_display.cxx" />
    <ClInclude Include="..\..\src\Fl_get_key.cxx" />
    <ClInclude Include="..\..\src\Fl_get_system_colors.cxx" />
    <ClInclude Include="..\..\src\Fl_grab.cxx" />
    <ClInclude Include="..\..\src\Fl_lock.cxx" />
    <ClInclude Include="..\..\src\Fl_own_colormap.cxx" />
    <ClInclude Include="..\..\src\Fl_visual.cxx" />
    <ClInclude Include="..\..\src\Fl_x.cxx" />
    <ClInclude Include="..\..\src\filename_absolute.cxx" />
    <ClInclude Include="..\..\src\filename_expand.cxx" />
    <ClInclude Include="..\..\src\filename_ext.cxx" />
    <ClInclude Include="..\..\src\filename_isdir.cxx" />
    <ClInclude Include="..\..\src\filename_list.cxx" />
    <ClInclude Include="..\..\src\filename_match.cxx" />
    <ClInclude Include="..\..\src\filename_setext.cxx" />
    <ClInclude Include="..\..\src\fl_arc.cxx" />
    <ClInclude Include="..\..\src\fl_arci.cxx" />
    <ClInclude Include="..\..\src\fl_ask.cxx" />
    <ClInclude Include="..\..\src\fl_boxtype.cxx" />
    <ClInclude Include="..\..\src\fl_call_main.cxx" />
    <ClInclude Include="..\..\src\fl_color.cxx" />
    <ClInclude Include="..\..\src\fl_cursor.cxx" />
    <ClInclude Include="..\..\src\fl_curve.cxx" />
    <ClInclude Include="..\..\src\fl_diamond_box.cxx" />
    <ClInclude Include="..\..\src\fl_dnd.cxx" />
    <ClInclude Include="..\..\src\fl_draw.cxx" />
    <ClInclude Include="..\..\src\fl_draw_image.cxx" />
    <ClInclude Include="..\..\src\fl_draw_pixmap.cxx" />
    <ClInclude Include="..\..\src\fl_encoding_latin1.cxx" />
    <ClInclude Include="..\..\src\fl_encoding_mac_roman.cxx" />
    <ClInclude Include="..\..\src\fl_engraved_label.cxx" />
    <ClInclude Include="..\..\src\fl_file_dir.cxx" />
    <ClInclude Include="..\..\src\fl_font.cxx" />
    <ClInclude Include="..\..\src\fl_gtk.cxx" />
    <ClInclude Include="..\..\src\fl_labeltype.cxx" />
    <ClInclude Include="..\..\src\fl_line_style.cxx" />
    <ClInclude Include="..\..\src\fl_open_uri.cxx" />
    <ClInclude Include="..\..\src\fl_oval_box.cxx" />
    <ClInclude Include="..\..\src\fl_overlay.cxx" />
    <ClInclude Include="..\..\src\fl_overlay_visual.cxx" />
    <ClInclude Include="..\..\src\fl_plastic.cxx" />
    <ClInclude Include="..\..\src\fl_read_image.cxx" />
    <ClInclude Include="..\..\src\fl_rect.cxx" />
    <ClInclude Include="..\..\src\fl_round_box.cxx" />
    <ClInclude Include="..\..\src\fl_rounded_box.cxx" />
    <ClInclude Include="..\..\src\fl_scroll_area.cxx" />
    <ClInclude Include="..\..\src\fl_set_font.cxx" />
    <ClInclude Include="..\..\src\fl_set_fonts.cxx" />
    <ClInclude Include="..\..\src\fl_shadow_box.cxx" />
    <ClInclude Include="..\..\src\fl_shortcut.cxx" />
    <ClInclude Include="..\..\src\fl_show_colormap.cxx" />
    <ClInclude Include="..\..\src\fl_symbols.cxx" />
    <ClInclude Include="..\..\src\fl_utf8.cxx" />
    <ClInclude Include="..\..\src\fl_utf.cxx" />
    <ClInclude Include="..\..\src\fl_vertex.cxx" />
    <ClInclude Include="..\..\src\numericsort.cxx" />
    <ClInclude Include="..\..\src\ps_image.cxx" />
    <ClInclude Include="..\..\src\scandir.cxx" />
    <ClInclude Include="..\..\src\screen_xywh.cxx" />
    <ClInclude Include="..\..\src\flstring.c" />
    <ClInclude Include="..\..\src\vsnprintf.c" />
    <ClInclude Include="..\..\src\xutf8\case.c" />
    <ClInclude Include="..\..\src\xutf8\is_right2left.c" />
    <ClInclude Include="..\..\src\xutf8\is_spacing.c" />
  </ItemGroup>
</Project>
