Microsoft Visual Studio Solution File, Format Version 8.00
Project("{8BC9CEB8-8B4A-11D0-8D11-00A0C91BC942}") = "CubeView", "CubeView.vcproj", "{5D28F454-00C9-423B-9D62-6B82019FCF51}"
	ProjectSection(ProjectDependencies) = postProject
		{6B27C82C-1BCC-42F3-ABE2-26C9642DFE64} = {6B27C82C-1BCC-42F3-ABE2-26C9642DFE64}
		{B605F2AB-DE4D-440C-ADE1-43D9F00C0B27} = {B605F2AB-DE4D-440C-ADE1-43D9F00C0B27}
	EndProjectSection
EndProject
Project("{8BC9CEB8-8B4A-11D0-8D11-00A0C91BC942}") = "arc", "arc.vcproj", "{A04CB01A-6307-45BD-BC5A-58827B481BCA}"
	ProjectSection(ProjectDependencies) = postProject
		{B605F2AB-DE4D-440C-ADE1-43D9F00C0B27} = {B605F2AB-DE4D-440C-ADE1-43D9F00C0B27}
	EndProjectSection
EndProject
Project("{8BC9CEB8-8B4A-11D0-8D11-00A0C91BC942}") = "ask", "ask.vcproj", "{313D8E2A-258C-47D6-A465-871918F05091}"
	ProjectSection(ProjectDependencies) = postProject
		{B605F2AB-DE4D-440C-ADE1-43D9F00C0B27} = {B605F2AB-DE4D-440C-ADE1-43D9F00C0B27}
	EndProjectSection
EndProject
Project("{8BC9CEB8-8B4A-11D0-8D11-00A0C91BC942}") = "bitmap", "bitmap.vcproj", "{02AF7644-5B1D-4D13-BAC7-F89A4C5AA412}"
	ProjectSection(ProjectDependencies) = postProject
		{B605F2AB-DE4D-440C-ADE1-43D9F00C0B27} = {B605F2AB-DE4D-440C-ADE1-43D9F00C0B27}
	EndProjectSection
EndProject
Project("{8BC9CEB8-8B4A-11D0-8D11-00A0C91BC942}") = "boxtype", "boxtype.vcproj", "{D1713548-89C5-4CF2-9DD5-4F9CC7DEE2A6}"
	ProjectSection(ProjectDependencies) = postProject
		{B605F2AB-DE4D-440C-ADE1-43D9F00C0B27} = {B605F2AB-DE4D-440C-ADE1-43D9F00C0B27}
	EndProjectSection
EndProject
Project("{8BC9CEB8-8B4A-11D0-8D11-00A0C91BC942}") = "browser", "browser.vcproj", "{17F5C492-9AF9-481D-B83E-0843816AD7F7}"
	ProjectSection(ProjectDependencies) = postProject
		{B605F2AB-DE4D-440C-ADE1-43D9F00C0B27} = {B605F2AB-DE4D-440C-ADE1-43D9F00C0B27}
	EndProjectSection
EndProject
Project("{8BC9CEB8-8B4A-11D0-8D11-00A0C91BC942}") = "button", "button.vcproj", "{A2F07424-DC40-4B27-B602-E670EA774262}"
	ProjectSection(ProjectDependencies) = postProject
	EndProjectSection
EndProject
Project("{8BC9CEB8-8B4A-11D0-8D11-00A0C91BC942}") = "buttons", "buttons.vcproj", "{3235CA9F-1973-410E-BCE9-60F403F8F6BC}"
	ProjectSection(ProjectDependencies) = postProject
		{B605F2AB-DE4D-440C-ADE1-43D9F00C0B27} = {B605F2AB-DE4D-440C-ADE1-43D9F00C0B27}
	EndProjectSection
EndProject
Project("{8BC9CEB8-8B4A-11D0-8D11-00A0C91BC942}") = "checkers", "checkers.vcproj", "{6C2C90B0-4E6F-4176-8B09-A44868FF77FF}"
	ProjectSection(ProjectDependencies) = postProject
		{B605F2AB-DE4D-440C-ADE1-43D9F00C0B27} = {B605F2AB-DE4D-440C-ADE1-43D9F00C0B27}
	EndProjectSection
EndProject
Project("{8BC9CEB8-8B4A-11D0-8D11-00A0C91BC942}") = "clock", "clock.vcproj", "{A389F6E6-6644-4B50-983E-1F65F37D3ED5}"
	ProjectSection(ProjectDependencies) = postProject
		{B605F2AB-DE4D-440C-ADE1-43D9F00C0B27} = {B605F2AB-DE4D-440C-ADE1-43D9F00C0B27}
	EndProjectSection
EndProject
Project("{8BC9CEB8-8B4A-11D0-8D11-00A0C91BC942}") = "color_chooser", "color_chooser.vcproj", "{03390CBA-7058-461C-920C-AAA945ADEE17}"
	ProjectSection(ProjectDependencies) = postProject
		{B605F2AB-DE4D-440C-ADE1-43D9F00C0B27} = {B605F2AB-DE4D-440C-ADE1-43D9F00C0B27}
	EndProjectSection
EndProject
Project("{8BC9CEB8-8B4A-11D0-8D11-00A0C91BC942}") = "cursor", "cursor.vcproj", "{157994AA-6B12-4054-A211-C0EFCEE9C562}"
	ProjectSection(ProjectDependencies) = postProject
		{B605F2AB-DE4D-440C-ADE1-43D9F00C0B27} = {B605F2AB-DE4D-440C-ADE1-43D9F00C0B27}
	EndProjectSection
EndProject
Project("{8BC9CEB8-8B4A-11D0-8D11-00A0C91BC942}") = "curve", "curve.vcproj", "{55119CE0-F2CD-411E-8B0B-E793A0F749AD}"
	ProjectSection(ProjectDependencies) = postProject
		{B605F2AB-DE4D-440C-ADE1-43D9F00C0B27} = {B605F2AB-DE4D-440C-ADE1-43D9F00C0B27}
	EndProjectSection
EndProject
Project("{8BC9CEB8-8B4A-11D0-8D11-00A0C91BC942}") = "demo", "demo.vcproj", "{BC5C0025-7EC8-4E1A-A33D-40A6C0AE7518}"
	ProjectSection(ProjectDependencies) = postProject
		{21C44C13-4EE0-4050-8E4E-F7D37E77AB79} = {21C44C13-4EE0-4050-8E4E-F7D37E77AB79}
		{49064B5B-8B06-458F-BF11-65A181C593D9} = {49064B5B-8B06-458F-BF11-65A181C593D9}
		{442104C5-1D54-4950-9C26-D7626EE856BC} = {442104C5-1D54-4950-9C26-D7626EE856BC}
		{8110DAD2-0957-478C-BB30-1404DD341812} = {8110DAD2-0957-478C-BB30-1404DD341812}
		{D9F4B565-E554-4BCD-AD9A-25F0F2B92BD8} = {D9F4B565-E554-4BCD-AD9A-25F0F2B92BD8}
		{3235CA9F-1973-410E-BCE9-60F403F8F6BC} = {3235CA9F-1973-410E-BCE9-60F403F8F6BC}
		{A2F07424-DC40-4B27-B602-E670EA774262} = {A2F07424-DC40-4B27-B602-E670EA774262}
		{17F5C492-9AF9-481D-B83E-0843816AD7F7} = {17F5C492-9AF9-481D-B83E-0843816AD7F7}
		{02AF7644-5B1D-4D13-BAC7-F89A4C5AA412} = {02AF7644-5B1D-4D13-BAC7-F89A4C5AA412}
		{9B82E2AB-CC6C-4DE7-BB7F-218991A34FC1} = {9B82E2AB-CC6C-4DE7-BB7F-218991A34FC1}
		{E55D5864-4147-4829-98D3-D8E5EDB8D8CF} = {E55D5864-4147-4829-98D3-D8E5EDB8D8CF}
		{817E0B3A-4497-4F69-821D-57FF94F6F331} = {817E0B3A-4497-4F69-821D-57FF94F6F331}
		{BA73FD7A-20A2-447E-8072-3F04DA0C872A} = {BA73FD7A-20A2-447E-8072-3F04DA0C872A}
		{75C1ADAB-9ED6-4199-9655-8B83E7D41CD7} = {75C1ADAB-9ED6-4199-9655-8B83E7D41CD7}
		{8948DE7B-73A7-4BDB-98E8-0F500B40B065} = {8948DE7B-73A7-4BDB-98E8-0F500B40B065}
		{3BEEEDB4-C020-4EDC-AC3C-28821401F6E4} = {3BEEEDB4-C020-4EDC-AC3C-28821401F6E4}
		{691A0300-E1E0-438E-9F92-E9DAA4E77201} = {691A0300-E1E0-438E-9F92-E9DAA4E77201}
		{056E01EA-1C42-4EB3-BC16-7598402D8536} = {056E01EA-1C42-4EB3-BC16-7598402D8536}
		{4ECA7170-E842-494D-AE86-34F6ECC0F2C4} = {4ECA7170-E842-494D-AE86-34F6ECC0F2C4}
		{F8585E3D-A515-44BB-85CA-8FBECB3A6C50} = {F8585E3D-A515-44BB-85CA-8FBECB3A6C50}
		{4017FDE4-9604-4623-BC99-6F87903CD1F2} = {4017FDE4-9604-4623-BC99-6F87903CD1F2}
		{55119CE0-F2CD-411E-8B0B-E793A0F749AD} = {55119CE0-F2CD-411E-8B0B-E793A0F749AD}
		{A389F6E6-6644-4B50-983E-1F65F37D3ED5} = {A389F6E6-6644-4B50-983E-1F65F37D3ED5}
		{313D8E2A-258C-47D6-A465-871918F05091} = {313D8E2A-258C-47D6-A465-871918F05091}
		{A04CB01A-6307-45BD-BC5A-58827B481BCA} = {A04CB01A-6307-45BD-BC5A-58827B481BCA}
		{EEBF1D78-F5B5-4A11-A304-6ABDBEA12882} = {EEBF1D78-F5B5-4A11-A304-6ABDBEA12882}
		{7F20FA36-921B-4180-902E-F4BE21688C43} = {7F20FA36-921B-4180-902E-F4BE21688C43}
		{6B4DD91B-6F2D-41CF-A82D-6F39F5E34162} = {6B4DD91B-6F2D-41CF-A82D-6F39F5E34162}
		{3EB52E16-91A7-4552-8C5B-44A8C45CC3D8} = {3EB52E16-91A7-4552-8C5B-44A8C45CC3D8}
		{6B27C82C-1BCC-42F3-ABE2-26C9642DFE64} = {6B27C82C-1BCC-42F3-ABE2-26C9642DFE64}
		{CF157A4C-E1F3-4E8C-AC77-AB1E818FFF43} = {CF157A4C-E1F3-4E8C-AC77-AB1E818FFF43}
		{5D28F454-00C9-423B-9D62-6B82019FCF51} = {5D28F454-00C9-423B-9D62-6B82019FCF51}
		{787CB01C-5D79-4338-B7F6-B60312AFBBE1} = {787CB01C-5D79-4338-B7F6-B60312AFBBE1}
		{FC0FF111-A5D7-4A12-BC7D-6B3CDF17B554} = {FC0FF111-A5D7-4A12-BC7D-6B3CDF17B554}
		{8E087142-F046-4B6D-91B2-E25BFCC561F3} = {8E087142-F046-4B6D-91B2-E25BFCC561F3}
		{717B0019-9377-44A7-8582-46A23DD63E47} = {717B0019-9377-44A7-8582-46A23DD63E47}
		{8BF2DA92-2B7C-4FBA-82CD-6908F52BDC93} = {8BF2DA92-2B7C-4FBA-82CD-6908F52BDC93}
		{456148B2-E73D-492B-8477-21B6ABC2558D} = {456148B2-E73D-492B-8477-21B6ABC2558D}
		{0B5D8A55-645C-4CE5-8337-98569953CF92} = {0B5D8A55-645C-4CE5-8337-98569953CF92}
		{5D50D33B-FA96-4532-9D13-CF03496C24E7} = {5D50D33B-FA96-4532-9D13-CF03496C24E7}
		{157994AA-6B12-4054-A211-C0EFCEE9C562} = {157994AA-6B12-4054-A211-C0EFCEE9C562}
		{03390CBA-7058-461C-920C-AAA945ADEE17} = {03390CBA-7058-461C-920C-AAA945ADEE17}
		{6C2C90B0-4E6F-4176-8B09-A44868FF77FF} = {6C2C90B0-4E6F-4176-8B09-A44868FF77FF}
		{D1713548-89C5-4CF2-9DD5-4F9CC7DEE2A6} = {D1713548-89C5-4CF2-9DD5-4F9CC7DEE2A6}
		{B605F2AB-DE4D-440C-ADE1-43D9F00C0B27} = {B605F2AB-DE4D-440C-ADE1-43D9F00C0B27}
	EndProjectSection
EndProject
Project("{8BC9CEB8-8B4A-11D0-8D11-00A0C91BC942}") = "editor", "editor.vcproj", "{4017FDE4-9604-4623-BC99-6F87903CD1F2}"
	ProjectSection(ProjectDependencies) = postProject
		{B605F2AB-DE4D-440C-ADE1-43D9F00C0B27} = {B605F2AB-DE4D-440C-ADE1-43D9F00C0B27}
	EndProjectSection
EndProject
Project("{8BC9CEB8-8B4A-11D0-8D11-00A0C91BC942}") = "file_chooser", "file_chooser.vcproj", "{5D50D33B-FA96-4532-9D13-CF03496C24E7}"
	ProjectSection(ProjectDependencies) = postProject
		{CF157A4C-E1F3-4E8C-AC77-AB1E818FFF43} = {CF157A4C-E1F3-4E8C-AC77-AB1E818FFF43}
		{B605F2AB-DE4D-440C-ADE1-43D9F00C0B27} = {B605F2AB-DE4D-440C-ADE1-43D9F00C0B27}
	EndProjectSection
EndProject
Project("{8BC9CEB8-8B4A-11D0-8D11-00A0C91BC942}") = "fltk", "fltk.lib.vcproj", "{B605F2AB-DE4D-440C-ADE1-43D9F00C0B27}"
	ProjectSection(ProjectDependencies) = postProject
	EndProjectSection
EndProject
Project("{8BC9CEB8-8B4A-11D0-8D11-00A0C91BC942}") = "fltk_images", "fltk_images.lib.vcproj", "{CF157A4C-E1F3-4E8C-AC77-AB1E818FFF43}"
	ProjectSection(ProjectDependencies) = postProject
		{6B4DD91B-6F2D-41CF-A82D-6F39F5E34162} = {6B4DD91B-6F2D-41CF-A82D-6F39F5E34162}
		{EEBF1D78-F5B5-4A11-A304-6ABDBEA12882} = {EEBF1D78-F5B5-4A11-A304-6ABDBEA12882}
		{7F20FA36-921B-4180-902E-F4BE21688C43} = {7F20FA36-921B-4180-902E-F4BE21688C43}
	EndProjectSection
EndProject
Project("{8BC9CEB8-8B4A-11D0-8D11-00A0C91BC942}") = "fltk_opengl", "fltk_opengl.vcproj", "{6B27C82C-1BCC-42F3-ABE2-26C9642DFE64}"
	ProjectSection(ProjectDependencies) = postProject
		{B605F2AB-DE4D-440C-ADE1-43D9F00C0B27} = {B605F2AB-DE4D-440C-ADE1-43D9F00C0B27}
	EndProjectSection
EndProject
Project("{8BC9CEB8-8B4A-11D0-8D11-00A0C91BC942}") = "fltkdll", "fltkdll.vcproj", "{D9F4B565-E554-4BCD-AD9A-25F0F2B92BD8}"
	ProjectSection(ProjectDependencies) = postProject
	EndProjectSection
EndProject
Project("{8BC9CEB8-8B4A-11D0-8D11-00A0C91BC942}") = "fltkdll_images", "fltkdll_images.vcproj", "{8110DAD2-0957-478C-BB30-1404DD341812}"
	ProjectSection(ProjectDependencies) = postProject
		{6B4DD91B-6F2D-41CF-A82D-6F39F5E34162} = {6B4DD91B-6F2D-41CF-A82D-6F39F5E34162}
		{EEBF1D78-F5B5-4A11-A304-6ABDBEA12882} = {EEBF1D78-F5B5-4A11-A304-6ABDBEA12882}
		{7F20FA36-921B-4180-902E-F4BE21688C43} = {7F20FA36-921B-4180-902E-F4BE21688C43}
		{D9F4B565-E554-4BCD-AD9A-25F0F2B92BD8} = {D9F4B565-E554-4BCD-AD9A-25F0F2B92BD8}
	EndProjectSection
EndProject
Project("{8BC9CEB8-8B4A-11D0-8D11-00A0C91BC942}") = "fluid", "fluid.vcproj", "{0B5D8A55-645C-4CE5-8337-98569953CF92}"
	ProjectSection(ProjectDependencies) = postProject
		{CF157A4C-E1F3-4E8C-AC77-AB1E818FFF43} = {CF157A4C-E1F3-4E8C-AC77-AB1E818FFF43}
		{B605F2AB-DE4D-440C-ADE1-43D9F00C0B27} = {B605F2AB-DE4D-440C-ADE1-43D9F00C0B27}
	EndProjectSection
EndProject
Project("{8BC9CEB8-8B4A-11D0-8D11-00A0C91BC942}") = "fluid_wdll", "fluid_wdll.vcproj", "{BA029EC5-03A6-438D-B796-8B05758B524C}"
	ProjectSection(ProjectDependencies) = postProject
		{8110DAD2-0957-478C-BB30-1404DD341812} = {8110DAD2-0957-478C-BB30-1404DD341812}
		{D9F4B565-E554-4BCD-AD9A-25F0F2B92BD8} = {D9F4B565-E554-4BCD-AD9A-25F0F2B92BD8}
	EndProjectSection
EndProject
Project("{8BC9CEB8-8B4A-11D0-8D11-00A0C91BC942}") = "fonts", "fonts.vcproj", "{3EB52E16-91A7-4552-8C5B-44A8C45CC3D8}"
	ProjectSection(ProjectDependencies) = postProject
		{B605F2AB-DE4D-440C-ADE1-43D9F00C0B27} = {B605F2AB-DE4D-440C-ADE1-43D9F00C0B27}
	EndProjectSection
EndProject
Project("{8BC9CEB8-8B4A-11D0-8D11-00A0C91BC942}") = "fractals", "fractals.vcproj", "{F8585E3D-A515-44BB-85CA-8FBECB3A6C50}"
	ProjectSection(ProjectDependencies) = postProject
		{6B27C82C-1BCC-42F3-ABE2-26C9642DFE64} = {6B27C82C-1BCC-42F3-ABE2-26C9642DFE64}
		{B605F2AB-DE4D-440C-ADE1-43D9F00C0B27} = {B605F2AB-DE4D-440C-ADE1-43D9F00C0B27}
	EndProjectSection
EndProject
Project("{8BC9CEB8-8B4A-11D0-8D11-00A0C91BC942}") = "glpuzzle", "glpuzzle.vcproj", "{817E0B3A-4497-4F69-821D-57FF94F6F331}"
	ProjectSection(ProjectDependencies) = postProject
		{6B27C82C-1BCC-42F3-ABE2-26C9642DFE64} = {6B27C82C-1BCC-42F3-ABE2-26C9642DFE64}
		{B605F2AB-DE4D-440C-ADE1-43D9F00C0B27} = {B605F2AB-DE4D-440C-ADE1-43D9F00C0B27}
	EndProjectSection
EndProject
Project("{8BC9CEB8-8B4A-11D0-8D11-00A0C91BC942}") = "hello", "hello.vcproj", "{456148B2-E73D-492B-8477-21B6ABC2558D}"
	ProjectSection(ProjectDependencies) = postProject
		{B605F2AB-DE4D-440C-ADE1-43D9F00C0B27} = {B605F2AB-DE4D-440C-ADE1-43D9F00C0B27}
	EndProjectSection
EndProject
Project("{8BC9CEB8-8B4A-11D0-8D11-00A0C91BC942}") = "help", "help.vcproj", "{9B82E2AB-CC6C-4DE7-BB7F-218991A34FC1}"
	ProjectSection(ProjectDependencies) = postProject
		{CF157A4C-E1F3-4E8C-AC77-AB1E818FFF43} = {CF157A4C-E1F3-4E8C-AC77-AB1E818FFF43}
		{B605F2AB-DE4D-440C-ADE1-43D9F00C0B27} = {B605F2AB-DE4D-440C-ADE1-43D9F00C0B27}
	EndProjectSection
EndProject
Project("{8BC9CEB8-8B4A-11D0-8D11-00A0C91BC942}") = "image", "image.vcproj", "{787CB01C-5D79-4338-B7F6-B60312AFBBE1}"
	ProjectSection(ProjectDependencies) = postProject
		{CF157A4C-E1F3-4E8C-AC77-AB1E818FFF43} = {CF157A4C-E1F3-4E8C-AC77-AB1E818FFF43}
		{B605F2AB-DE4D-440C-ADE1-43D9F00C0B27} = {B605F2AB-DE4D-440C-ADE1-43D9F00C0B27}
	EndProjectSection
EndProject
Project("{8BC9CEB8-8B4A-11D0-8D11-00A0C91BC942}") = "input", "input.vcproj", "{8BF2DA92-2B7C-4FBA-82CD-6908F52BDC93}"
	ProjectSection(ProjectDependencies) = postProject
		{B605F2AB-DE4D-440C-ADE1-43D9F00C0B27} = {B605F2AB-DE4D-440C-ADE1-43D9F00C0B27}
	EndProjectSection
EndProject
Project("{8BC9CEB8-8B4A-11D0-8D11-00A0C91BC942}") = "keyboard", "keyboard.vcproj", "{4ECA7170-E842-494D-AE86-34F6ECC0F2C4}"
	ProjectSection(ProjectDependencies) = postProject
		{B605F2AB-DE4D-440C-ADE1-43D9F00C0B27} = {B605F2AB-DE4D-440C-ADE1-43D9F00C0B27}
	EndProjectSection
EndProject
Project("{8BC9CEB8-8B4A-11D0-8D11-00A0C91BC942}") = "label", "label.vcproj", "{717B0019-9377-44A7-8582-46A23DD63E47}"
	ProjectSection(ProjectDependencies) = postProject
		{B605F2AB-DE4D-440C-ADE1-43D9F00C0B27} = {B605F2AB-DE4D-440C-ADE1-43D9F00C0B27}
	EndProjectSection
EndProject
Project("{8BC9CEB8-8B4A-11D0-8D11-00A0C91BC942}") = "libjpeg", "libjpeg.vcproj", "{6B4DD91B-6F2D-41CF-A82D-6F39F5E34162}"
	ProjectSection(ProjectDependencies) = postProject
	EndProjectSection
EndProject
Project("{8BC9CEB8-8B4A-11D0-8D11-00A0C91BC942}") = "libpng", "libpng.vcproj", "{7F20FA36-921B-4180-902E-F4BE21688C43}"
	ProjectSection(ProjectDependencies) = postProject
	EndProjectSection
EndProject
Project("{8BC9CEB8-8B4A-11D0-8D11-00A0C91BC942}") = "line_style", "line_style.vcproj", "{056E01EA-1C42-4EB3-BC16-7598402D8536}"
	ProjectSection(ProjectDependencies) = postProject
		{B605F2AB-DE4D-440C-ADE1-43D9F00C0B27} = {B605F2AB-DE4D-440C-ADE1-43D9F00C0B27}
	EndProjectSection
EndProject
Project("{8BC9CEB8-8B4A-11D0-8D11-00A0C91BC942}") = "mandelbrot", "mandelbrot.vcproj", "{691A0300-E1E0-438E-9F92-E9DAA4E77201}"
	ProjectSection(ProjectDependencies) = postProject
	EndProjectSection
EndProject
Project("{8BC9CEB8-8B4A-11D0-8D11-00A0C91BC942}") = "menubar", "menubar.vcproj", "{75C1ADAB-9ED6-4199-9655-8B83E7D41CD7}"
	ProjectSection(ProjectDependencies) = postProject
		{B605F2AB-DE4D-440C-ADE1-43D9F00C0B27} = {B605F2AB-DE4D-440C-ADE1-43D9F00C0B27}
	EndProjectSection
EndProject
Project("{8BC9CEB8-8B4A-11D0-8D11-00A0C91BC942}") = "message", "message.vcproj", "{10225268-8229-47D2-9F4C-452294F577B4}"
	ProjectSection(ProjectDependencies) = postProject
		{B605F2AB-DE4D-440C-ADE1-43D9F00C0B27} = {B605F2AB-DE4D-440C-ADE1-43D9F00C0B27}
	EndProjectSection
EndProject
Project("{8BC9CEB8-8B4A-11D0-8D11-00A0C91BC942}") = "navigation", "navigation.vcproj", "{3BEEEDB4-C020-4EDC-AC3C-28821401F6E4}"
	ProjectSection(ProjectDependencies) = postProject
		{B605F2AB-DE4D-440C-ADE1-43D9F00C0B27} = {B605F2AB-DE4D-440C-ADE1-43D9F00C0B27}
	EndProjectSection
EndProject
Project("{8BC9CEB8-8B4A-11D0-8D11-00A0C91BC942}") = "output", "output.vcproj", "{49064B5B-8B06-458F-BF11-65A181C593D9}"
	ProjectSection(ProjectDependencies) = postProject
		{B605F2AB-DE4D-440C-ADE1-43D9F00C0B27} = {B605F2AB-DE4D-440C-ADE1-43D9F00C0B27}
	EndProjectSection
EndProject
Project("{8BC9CEB8-8B4A-11D0-8D11-00A0C91BC942}") = "pack", "pack.vcproj", "{FC0FF111-A5D7-4A12-BC7D-6B3CDF17B554}"
	ProjectSection(ProjectDependencies) = postProject
		{B605F2AB-DE4D-440C-ADE1-43D9F00C0B27} = {B605F2AB-DE4D-440C-ADE1-43D9F00C0B27}
	EndProjectSection
EndProject
Project("{8BC9CEB8-8B4A-11D0-8D11-00A0C91BC942}") = "qubix", "qubix.vcproj", "{E55D5864-4147-4829-98D3-D8E5EDB8D8CF}"
	ProjectSection(ProjectDependencies) = postProject
	EndProjectSection
EndProject
Project("{8BC9CEB8-8B4A-11D0-8D11-00A0C91BC942}") = "radio", "radio.vcproj", "{7F7967C2-BCC8-41F3-AFEB-CED6502A3F44}"
	ProjectSection(ProjectDependencies) = postProject
		{B605F2AB-DE4D-440C-ADE1-43D9F00C0B27} = {B605F2AB-DE4D-440C-ADE1-43D9F00C0B27}
	EndProjectSection
EndProject
Project("{8BC9CEB8-8B4A-11D0-8D11-00A0C91BC942}") = "size_range", "size_range.vcproj", "{442104C5-1D54-4950-9C26-D7626EE856BC}"
	ProjectSection(ProjectDependencies) = postProject
		{B605F2AB-DE4D-440C-ADE1-43D9F00C0B27} = {B605F2AB-DE4D-440C-ADE1-43D9F00C0B27}
	EndProjectSection
EndProject
Project("{8BC9CEB8-8B4A-11D0-8D11-00A0C91BC942}") = "symbols", "symbols.vcproj", "{21C44C13-4EE0-4050-8E4E-F7D37E77AB79}"
	ProjectSection(ProjectDependencies) = postProject
		{B605F2AB-DE4D-440C-ADE1-43D9F00C0B27} = {B605F2AB-DE4D-440C-ADE1-43D9F00C0B27}
	EndProjectSection
EndProject
Project("{8BC9CEB8-8B4A-11D0-8D11-00A0C91BC942}") = "tabs", "tabs.vcproj", "{BA73FD7A-20A2-447E-8072-3F04DA0C872A}"
	ProjectSection(ProjectDependencies) = postProject
		{B605F2AB-DE4D-440C-ADE1-43D9F00C0B27} = {B605F2AB-DE4D-440C-ADE1-43D9F00C0B27}
	EndProjectSection
EndProject
Project("{8BC9CEB8-8B4A-11D0-8D11-00A0C91BC942}") = "tile", "tile.vcproj", "{8E087142-F046-4B6D-91B2-E25BFCC561F3}"
	ProjectSection(ProjectDependencies) = postProject
		{B605F2AB-DE4D-440C-ADE1-43D9F00C0B27} = {B605F2AB-DE4D-440C-ADE1-43D9F00C0B27}
	EndProjectSection
EndProject
Project("{8BC9CEB8-8B4A-11D0-8D11-00A0C91BC942}") = "valuators", "valuators.vcproj", "{8948DE7B-73A7-4BDB-98E8-0F500B40B065}"
	ProjectSection(ProjectDependencies) = postProject
		{B605F2AB-DE4D-440C-ADE1-43D9F00C0B27} = {B605F2AB-DE4D-440C-ADE1-43D9F00C0B27}
	EndProjectSection
EndProject
Project("{8BC9CEB8-8B4A-11D0-8D11-00A0C91BC942}") = "zlib", "zlib.vcproj", "{EEBF1D78-F5B5-4A11-A304-6ABDBEA12882}"
	ProjectSection(ProjectDependencies) = postProject
	EndProjectSection
EndProject
Global
	GlobalSection(SolutionConfiguration) = preSolution
		Debug = Debug
		Debug MinSize = Debug MinSize
		Release = Release
		Release MinSize = Release MinSize
	EndGlobalSection
	GlobalSection(ProjectConfiguration) = postSolution
		{5D28F454-00C9-423B-9D62-6B82019FCF51}.Debug.ActiveCfg = Debug|Win32
		{5D28F454-00C9-423B-9D62-6B82019FCF51}.Debug.Build.0 = Debug|Win32
		{5D28F454-00C9-423B-9D62-6B82019FCF51}.Debug MinSize.ActiveCfg = Debug|Win32
		{5D28F454-00C9-423B-9D62-6B82019FCF51}.Debug MinSize.Build.0 = Debug|Win32
		{5D28F454-00C9-423B-9D62-6B82019FCF51}.Release.ActiveCfg = Release|Win32
		{5D28F454-00C9-423B-9D62-6B82019FCF51}.Release.Build.0 = Release|Win32
		{5D28F454-00C9-423B-9D62-6B82019FCF51}.Release MinSize.ActiveCfg = Release|Win32
		{5D28F454-00C9-423B-9D62-6B82019FCF51}.Release MinSize.Build.0 = Release|Win32
		{A04CB01A-6307-45BD-BC5A-58827B481BCA}.Debug.ActiveCfg = Debug|Win32
		{A04CB01A-6307-45BD-BC5A-58827B481BCA}.Debug.Build.0 = Debug|Win32
		{A04CB01A-6307-45BD-BC5A-58827B481BCA}.Debug MinSize.ActiveCfg = Debug MinSize|Win32
		{A04CB01A-6307-45BD-BC5A-58827B481BCA}.Debug MinSize.Build.0 = Debug MinSize|Win32
		{A04CB01A-6307-45BD-BC5A-58827B481BCA}.Release.ActiveCfg = Release|Win32
		{A04CB01A-6307-45BD-BC5A-58827B481BCA}.Release.Build.0 = Release|Win32
		{A04CB01A-6307-45BD-BC5A-58827B481BCA}.Release MinSize.ActiveCfg = Release MinSize|Win32
		{A04CB01A-6307-45BD-BC5A-58827B481BCA}.Release MinSize.Build.0 = Release MinSize|Win32
		{313D8E2A-258C-47D6-A465-871918F05091}.Debug.ActiveCfg = Debug|Win32
		{313D8E2A-258C-47D6-A465-871918F05091}.Debug.Build.0 = Debug|Win32
		{313D8E2A-258C-47D6-A465-871918F05091}.Debug MinSize.ActiveCfg = Debug MinSize|Win32
		{313D8E2A-258C-47D6-A465-871918F05091}.Debug MinSize.Build.0 = Debug MinSize|Win32
		{313D8E2A-258C-47D6-A465-871918F05091}.Release.ActiveCfg = Release|Win32
		{313D8E2A-258C-47D6-A465-871918F05091}.Release.Build.0 = Release|Win32
		{313D8E2A-258C-47D6-A465-871918F05091}.Release MinSize.ActiveCfg = Release MinSize|Win32
		{313D8E2A-258C-47D6-A465-871918F05091}.Release MinSize.Build.0 = Release MinSize|Win32
		{02AF7644-5B1D-4D13-BAC7-F89A4C5AA412}.Debug.ActiveCfg = Debug|Win32
		{02AF7644-5B1D-4D13-BAC7-F89A4C5AA412}.Debug.Build.0 = Debug|Win32
		{02AF7644-5B1D-4D13-BAC7-F89A4C5AA412}.Debug MinSize.ActiveCfg = Debug MinSize|Win32
		{02AF7644-5B1D-4D13-BAC7-F89A4C5AA412}.Debug MinSize.Build.0 = Debug MinSize|Win32
		{02AF7644-5B1D-4D13-BAC7-F89A4C5AA412}.Release.ActiveCfg = Release|Win32
		{02AF7644-5B1D-4D13-BAC7-F89A4C5AA412}.Release.Build.0 = Release|Win32
		{02AF7644-5B1D-4D13-BAC7-F89A4C5AA412}.Release MinSize.ActiveCfg = Release MinSize|Win32
		{02AF7644-5B1D-4D13-BAC7-F89A4C5AA412}.Release MinSize.Build.0 = Release MinSize|Win32
		{D1713548-89C5-4CF2-9DD5-4F9CC7DEE2A6}.Debug.ActiveCfg = Debug|Win32
		{D1713548-89C5-4CF2-9DD5-4F9CC7DEE2A6}.Debug.Build.0 = Debug|Win32
		{D1713548-89C5-4CF2-9DD5-4F9CC7DEE2A6}.Debug MinSize.ActiveCfg = Debug|Win32
		{D1713548-89C5-4CF2-9DD5-4F9CC7DEE2A6}.Debug MinSize.Build.0 = Debug|Win32
		{D1713548-89C5-4CF2-9DD5-4F9CC7DEE2A6}.Release.ActiveCfg = Release|Win32
		{D1713548-89C5-4CF2-9DD5-4F9CC7DEE2A6}.Release.Build.0 = Release|Win32
		{D1713548-89C5-4CF2-9DD5-4F9CC7DEE2A6}.Release MinSize.ActiveCfg = Release|Win32
		{D1713548-89C5-4CF2-9DD5-4F9CC7DEE2A6}.Release MinSize.Build.0 = Release|Win32
		{17F5C492-9AF9-481D-B83E-0843816AD7F7}.Debug.ActiveCfg = Debug|Win32
		{17F5C492-9AF9-481D-B83E-0843816AD7F7}.Debug.Build.0 = Debug|Win32
		{17F5C492-9AF9-481D-B83E-0843816AD7F7}.Debug MinSize.ActiveCfg = Debug MinSize|Win32
		{17F5C492-9AF9-481D-B83E-0843816AD7F7}.Debug MinSize.Build.0 = Debug MinSize|Win32
		{17F5C492-9AF9-481D-B83E-0843816AD7F7}.Release.ActiveCfg = Release|Win32
		{17F5C492-9AF9-481D-B83E-0843816AD7F7}.Release.Build.0 = Release|Win32
		{17F5C492-9AF9-481D-B83E-0843816AD7F7}.Release MinSize.ActiveCfg = Release MinSize|Win32
		{17F5C492-9AF9-481D-B83E-0843816AD7F7}.Release MinSize.Build.0 = Release MinSize|Win32
		{A2F07424-DC40-4B27-B602-E670EA774262}.Debug.ActiveCfg = Debug|Win32
		{A2F07424-DC40-4B27-B602-E670EA774262}.Debug.Build.0 = Debug|Win32
		{A2F07424-DC40-4B27-B602-E670EA774262}.Debug MinSize.ActiveCfg = Debug MinSize|Win32
		{A2F07424-DC40-4B27-B602-E670EA774262}.Debug MinSize.Build.0 = Debug MinSize|Win32
		{A2F07424-DC40-4B27-B602-E670EA774262}.Release.ActiveCfg = Release|Win32
		{A2F07424-DC40-4B27-B602-E670EA774262}.Release.Build.0 = Release|Win32
		{A2F07424-DC40-4B27-B602-E670EA774262}.Release MinSize.ActiveCfg = Release MinSize|Win32
		{A2F07424-DC40-4B27-B602-E670EA774262}.Release MinSize.Build.0 = Release MinSize|Win32
		{3235CA9F-1973-410E-BCE9-60F403F8F6BC}.Debug.ActiveCfg = Debug|Win32
		{3235CA9F-1973-410E-BCE9-60F403F8F6BC}.Debug.Build.0 = Debug|Win32
		{3235CA9F-1973-410E-BCE9-60F403F8F6BC}.Debug MinSize.ActiveCfg = Debug MinSize|Win32
		{3235CA9F-1973-410E-BCE9-60F403F8F6BC}.Debug MinSize.Build.0 = Debug MinSize|Win32
		{3235CA9F-1973-410E-BCE9-60F403F8F6BC}.Release.ActiveCfg = Release|Win32
		{3235CA9F-1973-410E-BCE9-60F403F8F6BC}.Release.Build.0 = Release|Win32
		{3235CA9F-1973-410E-BCE9-60F403F8F6BC}.Release MinSize.ActiveCfg = Release MinSize|Win32
		{3235CA9F-1973-410E-BCE9-60F403F8F6BC}.Release MinSize.Build.0 = Release MinSize|Win32
		{6C2C90B0-4E6F-4176-8B09-A44868FF77FF}.Debug.ActiveCfg = Debug|Win32
		{6C2C90B0-4E6F-4176-8B09-A44868FF77FF}.Debug.Build.0 = Debug|Win32
		{6C2C90B0-4E6F-4176-8B09-A44868FF77FF}.Debug MinSize.ActiveCfg = Debug|Win32
		{6C2C90B0-4E6F-4176-8B09-A44868FF77FF}.Debug MinSize.Build.0 = Debug|Win32
		{6C2C90B0-4E6F-4176-8B09-A44868FF77FF}.Release.ActiveCfg = Release|Win32
		{6C2C90B0-4E6F-4176-8B09-A44868FF77FF}.Release.Build.0 = Release|Win32
		{6C2C90B0-4E6F-4176-8B09-A44868FF77FF}.Release MinSize.ActiveCfg = Release|Win32
		{6C2C90B0-4E6F-4176-8B09-A44868FF77FF}.Release MinSize.Build.0 = Release|Win32
		{A389F6E6-6644-4B50-983E-1F65F37D3ED5}.Debug.ActiveCfg = Debug|Win32
		{A389F6E6-6644-4B50-983E-1F65F37D3ED5}.Debug.Build.0 = Debug|Win32
		{A389F6E6-6644-4B50-983E-1F65F37D3ED5}.Debug MinSize.ActiveCfg = Debug MinSize|Win32
		{A389F6E6-6644-4B50-983E-1F65F37D3ED5}.Debug MinSize.Build.0 = Debug MinSize|Win32
		{A389F6E6-6644-4B50-983E-1F65F37D3ED5}.Release.ActiveCfg = Release|Win32
		{A389F6E6-6644-4B50-983E-1F65F37D3ED5}.Release.Build.0 = Release|Win32
		{A389F6E6-6644-4B50-983E-1F65F37D3ED5}.Release MinSize.ActiveCfg = Release MinSize|Win32
		{A389F6E6-6644-4B50-983E-1F65F37D3ED5}.Release MinSize.Build.0 = Release MinSize|Win32
		{03390CBA-7058-461C-920C-AAA945ADEE17}.Debug.ActiveCfg = Debug|Win32
		{03390CBA-7058-461C-920C-AAA945ADEE17}.Debug.Build.0 = Debug|Win32
		{03390CBA-7058-461C-920C-AAA945ADEE17}.Debug MinSize.ActiveCfg = Debug|Win32
		{03390CBA-7058-461C-920C-AAA945ADEE17}.Debug MinSize.Build.0 = Debug|Win32
		{03390CBA-7058-461C-920C-AAA945ADEE17}.Release.ActiveCfg = Release|Win32
		{03390CBA-7058-461C-920C-AAA945ADEE17}.Release.Build.0 = Release|Win32
		{03390CBA-7058-461C-920C-AAA945ADEE17}.Release MinSize.ActiveCfg = Release|Win32
		{03390CBA-7058-461C-920C-AAA945ADEE17}.Release MinSize.Build.0 = Release|Win32
		{157994AA-6B12-4054-A211-C0EFCEE9C562}.Debug.ActiveCfg = Debug|Win32
		{157994AA-6B12-4054-A211-C0EFCEE9C562}.Debug.Build.0 = Debug|Win32
		{157994AA-6B12-4054-A211-C0EFCEE9C562}.Debug MinSize.ActiveCfg = Debug|Win32
		{157994AA-6B12-4054-A211-C0EFCEE9C562}.Debug MinSize.Build.0 = Debug|Win32
		{157994AA-6B12-4054-A211-C0EFCEE9C562}.Release.ActiveCfg = Release|Win32
		{157994AA-6B12-4054-A211-C0EFCEE9C562}.Release.Build.0 = Release|Win32
		{157994AA-6B12-4054-A211-C0EFCEE9C562}.Release MinSize.ActiveCfg = Release|Win32
		{157994AA-6B12-4054-A211-C0EFCEE9C562}.Release MinSize.Build.0 = Release|Win32
		{55119CE0-F2CD-411E-8B0B-E793A0F749AD}.Debug.ActiveCfg = Debug|Win32
		{55119CE0-F2CD-411E-8B0B-E793A0F749AD}.Debug.Build.0 = Debug|Win32
		{55119CE0-F2CD-411E-8B0B-E793A0F749AD}.Debug MinSize.ActiveCfg = Debug MinSize|Win32
		{55119CE0-F2CD-411E-8B0B-E793A0F749AD}.Debug MinSize.Build.0 = Debug MinSize|Win32
		{55119CE0-F2CD-411E-8B0B-E793A0F749AD}.Release.ActiveCfg = Release|Win32
		{55119CE0-F2CD-411E-8B0B-E793A0F749AD}.Release.Build.0 = Release|Win32
		{55119CE0-F2CD-411E-8B0B-E793A0F749AD}.Release MinSize.ActiveCfg = Release MinSize|Win32
		{55119CE0-F2CD-411E-8B0B-E793A0F749AD}.Release MinSize.Build.0 = Release MinSize|Win32
		{BC5C0025-7EC8-4E1A-A33D-40A6C0AE7518}.Debug.ActiveCfg = Debug|Win32
		{BC5C0025-7EC8-4E1A-A33D-40A6C0AE7518}.Debug.Build.0 = Debug|Win32
		{BC5C0025-7EC8-4E1A-A33D-40A6C0AE7518}.Debug MinSize.ActiveCfg = Debug|Win32
		{BC5C0025-7EC8-4E1A-A33D-40A6C0AE7518}.Debug MinSize.Build.0 = Debug|Win32
		{BC5C0025-7EC8-4E1A-A33D-40A6C0AE7518}.Release.ActiveCfg = Release|Win32
		{BC5C0025-7EC8-4E1A-A33D-40A6C0AE7518}.Release.Build.0 = Release|Win32
		{BC5C0025-7EC8-4E1A-A33D-40A6C0AE7518}.Release MinSize.ActiveCfg = Release|Win32
		{BC5C0025-7EC8-4E1A-A33D-40A6C0AE7518}.Release MinSize.Build.0 = Release|Win32
		{4017FDE4-9604-4623-BC99-6F87903CD1F2}.Debug.ActiveCfg = Debug|Win32
		{4017FDE4-9604-4623-BC99-6F87903CD1F2}.Debug.Build.0 = Debug|Win32
		{4017FDE4-9604-4623-BC99-6F87903CD1F2}.Debug MinSize.ActiveCfg = Debug|Win32
		{4017FDE4-9604-4623-BC99-6F87903CD1F2}.Debug MinSize.Build.0 = Debug|Win32
		{4017FDE4-9604-4623-BC99-6F87903CD1F2}.Release.ActiveCfg = Release|Win32
		{4017FDE4-9604-4623-BC99-6F87903CD1F2}.Release.Build.0 = Release|Win32
		{4017FDE4-9604-4623-BC99-6F87903CD1F2}.Release MinSize.ActiveCfg = Release|Win32
		{4017FDE4-9604-4623-BC99-6F87903CD1F2}.Release MinSize.Build.0 = Release|Win32
		{5D50D33B-FA96-4532-9D13-CF03496C24E7}.Debug.ActiveCfg = Debug|Win32
		{5D50D33B-FA96-4532-9D13-CF03496C24E7}.Debug.Build.0 = Debug|Win32
		{5D50D33B-FA96-4532-9D13-CF03496C24E7}.Debug MinSize.ActiveCfg = Debug|Win32
		{5D50D33B-FA96-4532-9D13-CF03496C24E7}.Debug MinSize.Build.0 = Debug|Win32
		{5D50D33B-FA96-4532-9D13-CF03496C24E7}.Release.ActiveCfg = Release|Win32
		{5D50D33B-FA96-4532-9D13-CF03496C24E7}.Release.Build.0 = Release|Win32
		{5D50D33B-FA96-4532-9D13-CF03496C24E7}.Release MinSize.ActiveCfg = Release|Win32
		{5D50D33B-FA96-4532-9D13-CF03496C24E7}.Release MinSize.Build.0 = Release|Win32
		{B605F2AB-DE4D-440C-ADE1-43D9F00C0B27}.Debug.ActiveCfg = Debug|Win32
		{B605F2AB-DE4D-440C-ADE1-43D9F00C0B27}.Debug.Build.0 = Debug|Win32
		{B605F2AB-DE4D-440C-ADE1-43D9F00C0B27}.Debug MinSize.ActiveCfg = Debug|Win32
		{B605F2AB-DE4D-440C-ADE1-43D9F00C0B27}.Debug MinSize.Build.0 = Debug|Win32
		{B605F2AB-DE4D-440C-ADE1-43D9F00C0B27}.Release.ActiveCfg = Release|Win32
		{B605F2AB-DE4D-440C-ADE1-43D9F00C0B27}.Release.Build.0 = Release|Win32
		{B605F2AB-DE4D-440C-ADE1-43D9F00C0B27}.Release MinSize.ActiveCfg = Release|Win32
		{B605F2AB-DE4D-440C-ADE1-43D9F00C0B27}.Release MinSize.Build.0 = Release|Win32
		{CF157A4C-E1F3-4E8C-AC77-AB1E818FFF43}.Debug.ActiveCfg = Debug|Win32
		{CF157A4C-E1F3-4E8C-AC77-AB1E818FFF43}.Debug.Build.0 = Debug|Win32
		{CF157A4C-E1F3-4E8C-AC77-AB1E818FFF43}.Debug MinSize.ActiveCfg = Debug|Win32
		{CF157A4C-E1F3-4E8C-AC77-AB1E818FFF43}.Debug MinSize.Build.0 = Debug|Win32
		{CF157A4C-E1F3-4E8C-AC77-AB1E818FFF43}.Release.ActiveCfg = Release|Win32
		{CF157A4C-E1F3-4E8C-AC77-AB1E818FFF43}.Release.Build.0 = Release|Win32
		{CF157A4C-E1F3-4E8C-AC77-AB1E818FFF43}.Release MinSize.ActiveCfg = Release|Win32
		{CF157A4C-E1F3-4E8C-AC77-AB1E818FFF43}.Release MinSize.Build.0 = Release|Win32
		{6B27C82C-1BCC-42F3-ABE2-26C9642DFE64}.Debug.ActiveCfg = Debug|Win32
		{6B27C82C-1BCC-42F3-ABE2-26C9642DFE64}.Debug.Build.0 = Debug|Win32
		{6B27C82C-1BCC-42F3-ABE2-26C9642DFE64}.Debug MinSize.ActiveCfg = Debug|Win32
		{6B27C82C-1BCC-42F3-ABE2-26C9642DFE64}.Debug MinSize.Build.0 = Debug|Win32
		{6B27C82C-1BCC-42F3-ABE2-26C9642DFE64}.Release.ActiveCfg = Release|Win32
		{6B27C82C-1BCC-42F3-ABE2-26C9642DFE64}.Release.Build.0 = Release|Win32
		{6B27C82C-1BCC-42F3-ABE2-26C9642DFE64}.Release MinSize.ActiveCfg = Release|Win32
		{6B27C82C-1BCC-42F3-ABE2-26C9642DFE64}.Release MinSize.Build.0 = Release|Win32
		{D9F4B565-E554-4BCD-AD9A-25F0F2B92BD8}.Debug.ActiveCfg = Debug|Win32
		{D9F4B565-E554-4BCD-AD9A-25F0F2B92BD8}.Debug.Build.0 = Debug|Win32
		{D9F4B565-E554-4BCD-AD9A-25F0F2B92BD8}.Debug MinSize.ActiveCfg = Debug|Win32
		{D9F4B565-E554-4BCD-AD9A-25F0F2B92BD8}.Debug MinSize.Build.0 = Debug|Win32
		{D9F4B565-E554-4BCD-AD9A-25F0F2B92BD8}.Release.ActiveCfg = Release|Win32
		{D9F4B565-E554-4BCD-AD9A-25F0F2B92BD8}.Release.Build.0 = Release|Win32
		{D9F4B565-E554-4BCD-AD9A-25F0F2B92BD8}.Release MinSize.ActiveCfg = Release|Win32
		{D9F4B565-E554-4BCD-AD9A-25F0F2B92BD8}.Release MinSize.Build.0 = Release|Win32
		{8110DAD2-0957-478C-BB30-1404DD341812}.Debug.ActiveCfg = Debug|Win32
		{8110DAD2-0957-478C-BB30-1404DD341812}.Debug.Build.0 = Debug|Win32
		{8110DAD2-0957-478C-BB30-1404DD341812}.Debug MinSize.ActiveCfg = Debug|Win32
		{8110DAD2-0957-478C-BB30-1404DD341812}.Debug MinSize.Build.0 = Debug|Win32
		{8110DAD2-0957-478C-BB30-1404DD341812}.Release.ActiveCfg = Release|Win32
		{8110DAD2-0957-478C-BB30-1404DD341812}.Release.Build.0 = Release|Win32
		{8110DAD2-0957-478C-BB30-1404DD341812}.Release MinSize.ActiveCfg = Release|Win32
		{8110DAD2-0957-478C-BB30-1404DD341812}.Release MinSize.Build.0 = Release|Win32
		{0B5D8A55-645C-4CE5-8337-98569953CF92}.Debug.ActiveCfg = Debug|Win32
		{0B5D8A55-645C-4CE5-8337-98569953CF92}.Debug.Build.0 = Debug|Win32
		{0B5D8A55-645C-4CE5-8337-98569953CF92}.Debug MinSize.ActiveCfg = Debug|Win32
		{0B5D8A55-645C-4CE5-8337-98569953CF92}.Debug MinSize.Build.0 = Debug|Win32
		{0B5D8A55-645C-4CE5-8337-98569953CF92}.Release.ActiveCfg = Release|Win32
		{0B5D8A55-645C-4CE5-8337-98569953CF92}.Release.Build.0 = Release|Win32
		{0B5D8A55-645C-4CE5-8337-98569953CF92}.Release MinSize.ActiveCfg = Release|Win32
		{0B5D8A55-645C-4CE5-8337-98569953CF92}.Release MinSize.Build.0 = Release|Win32
		{BA029EC5-03A6-438D-B796-8B05758B524C}.Debug.ActiveCfg = Debug|Win32
		{BA029EC5-03A6-438D-B796-8B05758B524C}.Debug.Build.0 = Debug|Win32
		{BA029EC5-03A6-438D-B796-8B05758B524C}.Debug MinSize.ActiveCfg = Debug|Win32
		{BA029EC5-03A6-438D-B796-8B05758B524C}.Debug MinSize.Build.0 = Debug|Win32
		{BA029EC5-03A6-438D-B796-8B05758B524C}.Release.ActiveCfg = Release|Win32
		{BA029EC5-03A6-438D-B796-8B05758B524C}.Release.Build.0 = Release|Win32
		{BA029EC5-03A6-438D-B796-8B05758B524C}.Release MinSize.ActiveCfg = Release|Win32
		{BA029EC5-03A6-438D-B796-8B05758B524C}.Release MinSize.Build.0 = Release|Win32
		{3EB52E16-91A7-4552-8C5B-44A8C45CC3D8}.Debug.ActiveCfg = Debug|Win32
		{3EB52E16-91A7-4552-8C5B-44A8C45CC3D8}.Debug.Build.0 = Debug|Win32
		{3EB52E16-91A7-4552-8C5B-44A8C45CC3D8}.Debug MinSize.ActiveCfg = Debug|Win32
		{3EB52E16-91A7-4552-8C5B-44A8C45CC3D8}.Debug MinSize.Build.0 = Debug|Win32
		{3EB52E16-91A7-4552-8C5B-44A8C45CC3D8}.Release.ActiveCfg = Release|Win32
		{3EB52E16-91A7-4552-8C5B-44A8C45CC3D8}.Release.Build.0 = Release|Win32
		{3EB52E16-91A7-4552-8C5B-44A8C45CC3D8}.Release MinSize.ActiveCfg = Release|Win32
		{3EB52E16-91A7-4552-8C5B-44A8C45CC3D8}.Release MinSize.Build.0 = Release|Win32
		{F8585E3D-A515-44BB-85CA-8FBECB3A6C50}.Debug.ActiveCfg = Debug|Win32
		{F8585E3D-A515-44BB-85CA-8FBECB3A6C50}.Debug.Build.0 = Debug|Win32
		{F8585E3D-A515-44BB-85CA-8FBECB3A6C50}.Debug MinSize.ActiveCfg = Debug|Win32
		{F8585E3D-A515-44BB-85CA-8FBECB3A6C50}.Debug MinSize.Build.0 = Debug|Win32
		{F8585E3D-A515-44BB-85CA-8FBECB3A6C50}.Release.ActiveCfg = Release|Win32
		{F8585E3D-A515-44BB-85CA-8FBECB3A6C50}.Release.Build.0 = Release|Win32
		{F8585E3D-A515-44BB-85CA-8FBECB3A6C50}.Release MinSize.ActiveCfg = Release|Win32
		{F8585E3D-A515-44BB-85CA-8FBECB3A6C50}.Release MinSize.Build.0 = Release|Win32
		{817E0B3A-4497-4F69-821D-57FF94F6F331}.Debug.ActiveCfg = Debug|Win32
		{817E0B3A-4497-4F69-821D-57FF94F6F331}.Debug.Build.0 = Debug|Win32
		{817E0B3A-4497-4F69-821D-57FF94F6F331}.Debug MinSize.ActiveCfg = Debug|Win32
		{817E0B3A-4497-4F69-821D-57FF94F6F331}.Debug MinSize.Build.0 = Debug|Win32
		{817E0B3A-4497-4F69-821D-57FF94F6F331}.Release.ActiveCfg = Release|Win32
		{817E0B3A-4497-4F69-821D-57FF94F6F331}.Release.Build.0 = Release|Win32
		{817E0B3A-4497-4F69-821D-57FF94F6F331}.Release MinSize.ActiveCfg = Release|Win32
		{817E0B3A-4497-4F69-821D-57FF94F6F331}.Release MinSize.Build.0 = Release|Win32
		{456148B2-E73D-492B-8477-21B6ABC2558D}.Debug.ActiveCfg = Debug|Win32
		{456148B2-E73D-492B-8477-21B6ABC2558D}.Debug.Build.0 = Debug|Win32
		{456148B2-E73D-492B-8477-21B6ABC2558D}.Debug MinSize.ActiveCfg = Debug|Win32
		{456148B2-E73D-492B-8477-21B6ABC2558D}.Debug MinSize.Build.0 = Debug|Win32
		{456148B2-E73D-492B-8477-21B6ABC2558D}.Release.ActiveCfg = Release|Win32
		{456148B2-E73D-492B-8477-21B6ABC2558D}.Release.Build.0 = Release|Win32
		{456148B2-E73D-492B-8477-21B6ABC2558D}.Release MinSize.ActiveCfg = Release|Win32
		{456148B2-E73D-492B-8477-21B6ABC2558D}.Release MinSize.Build.0 = Release|Win32
		{9B82E2AB-CC6C-4DE7-BB7F-218991A34FC1}.Debug.ActiveCfg = Debug|Win32
		{9B82E2AB-CC6C-4DE7-BB7F-218991A34FC1}.Debug.Build.0 = Debug|Win32
		{9B82E2AB-CC6C-4DE7-BB7F-218991A34FC1}.Debug MinSize.ActiveCfg = Debug MinSize|Win32
		{9B82E2AB-CC6C-4DE7-BB7F-218991A34FC1}.Debug MinSize.Build.0 = Debug MinSize|Win32
		{9B82E2AB-CC6C-4DE7-BB7F-218991A34FC1}.Release.ActiveCfg = Release|Win32
		{9B82E2AB-CC6C-4DE7-BB7F-218991A34FC1}.Release.Build.0 = Release|Win32
		{9B82E2AB-CC6C-4DE7-BB7F-218991A34FC1}.Release MinSize.ActiveCfg = Release MinSize|Win32
		{9B82E2AB-CC6C-4DE7-BB7F-218991A34FC1}.Release MinSize.Build.0 = Release MinSize|Win32
		{787CB01C-5D79-4338-B7F6-B60312AFBBE1}.Debug.ActiveCfg = Debug|Win32
		{787CB01C-5D79-4338-B7F6-B60312AFBBE1}.Debug.Build.0 = Debug|Win32
		{787CB01C-5D79-4338-B7F6-B60312AFBBE1}.Debug MinSize.ActiveCfg = Debug|Win32
		{787CB01C-5D79-4338-B7F6-B60312AFBBE1}.Debug MinSize.Build.0 = Debug|Win32
		{787CB01C-5D79-4338-B7F6-B60312AFBBE1}.Release.ActiveCfg = Release|Win32
		{787CB01C-5D79-4338-B7F6-B60312AFBBE1}.Release.Build.0 = Release|Win32
		{787CB01C-5D79-4338-B7F6-B60312AFBBE1}.Release MinSize.ActiveCfg = Release|Win32
		{787CB01C-5D79-4338-B7F6-B60312AFBBE1}.Release MinSize.Build.0 = Release|Win32
		{8BF2DA92-2B7C-4FBA-82CD-6908F52BDC93}.Debug.ActiveCfg = Debug|Win32
		{8BF2DA92-2B7C-4FBA-82CD-6908F52BDC93}.Debug.Build.0 = Debug|Win32
		{8BF2DA92-2B7C-4FBA-82CD-6908F52BDC93}.Debug MinSize.ActiveCfg = Debug|Win32
		{8BF2DA92-2B7C-4FBA-82CD-6908F52BDC93}.Debug MinSize.Build.0 = Debug|Win32
		{8BF2DA92-2B7C-4FBA-82CD-6908F52BDC93}.Release.ActiveCfg = Release|Win32
		{8BF2DA92-2B7C-4FBA-82CD-6908F52BDC93}.Release.Build.0 = Release|Win32
		{8BF2DA92-2B7C-4FBA-82CD-6908F52BDC93}.Release MinSize.ActiveCfg = Release|Win32
		{8BF2DA92-2B7C-4FBA-82CD-6908F52BDC93}.Release MinSize.Build.0 = Release|Win32
		{4ECA7170-E842-494D-AE86-34F6ECC0F2C4}.Debug.ActiveCfg = Debug|Win32
		{4ECA7170-E842-494D-AE86-34F6ECC0F2C4}.Debug.Build.0 = Debug|Win32
		{4ECA7170-E842-494D-AE86-34F6ECC0F2C4}.Debug MinSize.ActiveCfg = Debug|Win32
		{4ECA7170-E842-494D-AE86-34F6ECC0F2C4}.Debug MinSize.Build.0 = Debug|Win32
		{4ECA7170-E842-494D-AE86-34F6ECC0F2C4}.Release.ActiveCfg = Release|Win32
		{4ECA7170-E842-494D-AE86-34F6ECC0F2C4}.Release.Build.0 = Release|Win32
		{4ECA7170-E842-494D-AE86-34F6ECC0F2C4}.Release MinSize.ActiveCfg = Release|Win32
		{4ECA7170-E842-494D-AE86-34F6ECC0F2C4}.Release MinSize.Build.0 = Release|Win32
		{717B0019-9377-44A7-8582-46A23DD63E47}.Debug.ActiveCfg = Debug|Win32
		{717B0019-9377-44A7-8582-46A23DD63E47}.Debug.Build.0 = Debug|Win32
		{717B0019-9377-44A7-8582-46A23DD63E47}.Debug MinSize.ActiveCfg = Debug|Win32
		{717B0019-9377-44A7-8582-46A23DD63E47}.Debug MinSize.Build.0 = Debug|Win32
		{717B0019-9377-44A7-8582-46A23DD63E47}.Release.ActiveCfg = Release|Win32
		{717B0019-9377-44A7-8582-46A23DD63E47}.Release.Build.0 = Release|Win32
		{717B0019-9377-44A7-8582-46A23DD63E47}.Release MinSize.ActiveCfg = Release|Win32
		{717B0019-9377-44A7-8582-46A23DD63E47}.Release MinSize.Build.0 = Release|Win32
		{6B4DD91B-6F2D-41CF-A82D-6F39F5E34162}.Debug.ActiveCfg = Debug|Win32
		{6B4DD91B-6F2D-41CF-A82D-6F39F5E34162}.Debug.Build.0 = Debug|Win32
		{6B4DD91B-6F2D-41CF-A82D-6F39F5E34162}.Debug MinSize.ActiveCfg = Debug|Win32
		{6B4DD91B-6F2D-41CF-A82D-6F39F5E34162}.Debug MinSize.Build.0 = Debug|Win32
		{6B4DD91B-6F2D-41CF-A82D-6F39F5E34162}.Release.ActiveCfg = Release|Win32
		{6B4DD91B-6F2D-41CF-A82D-6F39F5E34162}.Release.Build.0 = Release|Win32
		{6B4DD91B-6F2D-41CF-A82D-6F39F5E34162}.Release MinSize.ActiveCfg = Release|Win32
		{6B4DD91B-6F2D-41CF-A82D-6F39F5E34162}.Release MinSize.Build.0 = Release|Win32
		{7F20FA36-921B-4180-902E-F4BE21688C43}.Debug.ActiveCfg = Debug|Win32
		{7F20FA36-921B-4180-902E-F4BE21688C43}.Debug.Build.0 = Debug|Win32
		{7F20FA36-921B-4180-902E-F4BE21688C43}.Debug MinSize.ActiveCfg = Debug|Win32
		{7F20FA36-921B-4180-902E-F4BE21688C43}.Debug MinSize.Build.0 = Debug|Win32
		{7F20FA36-921B-4180-902E-F4BE21688C43}.Release.ActiveCfg = Release|Win32
		{7F20FA36-921B-4180-902E-F4BE21688C43}.Release.Build.0 = Release|Win32
		{7F20FA36-921B-4180-902E-F4BE21688C43}.Release MinSize.ActiveCfg = Release|Win32
		{7F20FA36-921B-4180-902E-F4BE21688C43}.Release MinSize.Build.0 = Release|Win32
		{056E01EA-1C42-4EB3-BC16-7598402D8536}.Debug.ActiveCfg = Debug|Win32
		{056E01EA-1C42-4EB3-BC16-7598402D8536}.Debug.Build.0 = Debug|Win32
		{056E01EA-1C42-4EB3-BC16-7598402D8536}.Debug MinSize.ActiveCfg = Debug|Win32
		{056E01EA-1C42-4EB3-BC16-7598402D8536}.Debug MinSize.Build.0 = Debug|Win32
		{056E01EA-1C42-4EB3-BC16-7598402D8536}.Release.ActiveCfg = Release|Win32
		{056E01EA-1C42-4EB3-BC16-7598402D8536}.Release.Build.0 = Release|Win32
		{056E01EA-1C42-4EB3-BC16-7598402D8536}.Release MinSize.ActiveCfg = Release|Win32
		{056E01EA-1C42-4EB3-BC16-7598402D8536}.Release MinSize.Build.0 = Release|Win32
		{691A0300-E1E0-438E-9F92-E9DAA4E77201}.Debug.ActiveCfg = Debug|Win32
		{691A0300-E1E0-438E-9F92-E9DAA4E77201}.Debug.Build.0 = Debug|Win32
		{691A0300-E1E0-438E-9F92-E9DAA4E77201}.Debug MinSize.ActiveCfg = Debug|Win32
		{691A0300-E1E0-438E-9F92-E9DAA4E77201}.Debug MinSize.Build.0 = Debug|Win32
		{691A0300-E1E0-438E-9F92-E9DAA4E77201}.Release.ActiveCfg = Release|Win32
		{691A0300-E1E0-438E-9F92-E9DAA4E77201}.Release.Build.0 = Release|Win32
		{691A0300-E1E0-438E-9F92-E9DAA4E77201}.Release MinSize.ActiveCfg = Release|Win32
		{691A0300-E1E0-438E-9F92-E9DAA4E77201}.Release MinSize.Build.0 = Release|Win32
		{75C1ADAB-9ED6-4199-9655-8B83E7D41CD7}.Debug.ActiveCfg = Debug|Win32
		{75C1ADAB-9ED6-4199-9655-8B83E7D41CD7}.Debug.Build.0 = Debug|Win32
		{75C1ADAB-9ED6-4199-9655-8B83E7D41CD7}.Debug MinSize.ActiveCfg = Debug MinSize|Win32
		{75C1ADAB-9ED6-4199-9655-8B83E7D41CD7}.Debug MinSize.Build.0 = Debug MinSize|Win32
		{75C1ADAB-9ED6-4199-9655-8B83E7D41CD7}.Release.ActiveCfg = Release|Win32
		{75C1ADAB-9ED6-4199-9655-8B83E7D41CD7}.Release.Build.0 = Release|Win32
		{75C1ADAB-9ED6-4199-9655-8B83E7D41CD7}.Release MinSize.ActiveCfg = Release MinSize|Win32
		{75C1ADAB-9ED6-4199-9655-8B83E7D41CD7}.Release MinSize.Build.0 = Release MinSize|Win32
		{10225268-8229-47D2-9F4C-452294F577B4}.Debug.ActiveCfg = Debug|Win32
		{10225268-8229-47D2-9F4C-452294F577B4}.Debug.Build.0 = Debug|Win32
		{10225268-8229-47D2-9F4C-452294F577B4}.Debug MinSize.ActiveCfg = Debug MinSize|Win32
		{10225268-8229-47D2-9F4C-452294F577B4}.Debug MinSize.Build.0 = Debug MinSize|Win32
		{10225268-8229-47D2-9F4C-452294F577B4}.Release.ActiveCfg = Release|Win32
		{10225268-8229-47D2-9F4C-452294F577B4}.Release.Build.0 = Release|Win32
		{10225268-8229-47D2-9F4C-452294F577B4}.Release MinSize.ActiveCfg = Release MinSize|Win32
		{10225268-8229-47D2-9F4C-452294F577B4}.Release MinSize.Build.0 = Release MinSize|Win32
		{3BEEEDB4-C020-4EDC-AC3C-28821401F6E4}.Debug.ActiveCfg = Debug|Win32
		{3BEEEDB4-C020-4EDC-AC3C-28821401F6E4}.Debug.Build.0 = Debug|Win32
		{3BEEEDB4-C020-4EDC-AC3C-28821401F6E4}.Debug MinSize.ActiveCfg = Debug MinSize|Win32
		{3BEEEDB4-C020-4EDC-AC3C-28821401F6E4}.Debug MinSize.Build.0 = Debug MinSize|Win32
		{3BEEEDB4-C020-4EDC-AC3C-28821401F6E4}.Release.ActiveCfg = Release|Win32
		{3BEEEDB4-C020-4EDC-AC3C-28821401F6E4}.Release.Build.0 = Release|Win32
		{3BEEEDB4-C020-4EDC-AC3C-28821401F6E4}.Release MinSize.ActiveCfg = Release MinSize|Win32
		{3BEEEDB4-C020-4EDC-AC3C-28821401F6E4}.Release MinSize.Build.0 = Release MinSize|Win32
		{49064B5B-8B06-458F-BF11-65A181C593D9}.Debug.ActiveCfg = Debug|Win32
		{49064B5B-8B06-458F-BF11-65A181C593D9}.Debug.Build.0 = Debug|Win32
		{49064B5B-8B06-458F-BF11-65A181C593D9}.Debug MinSize.ActiveCfg = Debug MinSize|Win32
		{49064B5B-8B06-458F-BF11-65A181C593D9}.Debug MinSize.Build.0 = Debug MinSize|Win32
		{49064B5B-8B06-458F-BF11-65A181C593D9}.Release.ActiveCfg = Release|Win32
		{49064B5B-8B06-458F-BF11-65A181C593D9}.Release.Build.0 = Release|Win32
		{49064B5B-8B06-458F-BF11-65A181C593D9}.Release MinSize.ActiveCfg = Release MinSize|Win32
		{49064B5B-8B06-458F-BF11-65A181C593D9}.Release MinSize.Build.0 = Release MinSize|Win32
		{FC0FF111-A5D7-4A12-BC7D-6B3CDF17B554}.Debug.ActiveCfg = Debug|Win32
		{FC0FF111-A5D7-4A12-BC7D-6B3CDF17B554}.Debug.Build.0 = Debug|Win32
		{FC0FF111-A5D7-4A12-BC7D-6B3CDF17B554}.Debug MinSize.ActiveCfg = Debug|Win32
		{FC0FF111-A5D7-4A12-BC7D-6B3CDF17B554}.Debug MinSize.Build.0 = Debug|Win32
		{FC0FF111-A5D7-4A12-BC7D-6B3CDF17B554}.Release.ActiveCfg = Release|Win32
		{FC0FF111-A5D7-4A12-BC7D-6B3CDF17B554}.Release.Build.0 = Release|Win32
		{FC0FF111-A5D7-4A12-BC7D-6B3CDF17B554}.Release MinSize.ActiveCfg = Release|Win32
		{FC0FF111-A5D7-4A12-BC7D-6B3CDF17B554}.Release MinSize.Build.0 = Release|Win32
		{E55D5864-4147-4829-98D3-D8E5EDB8D8CF}.Debug.ActiveCfg = Debug|Win32
		{E55D5864-4147-4829-98D3-D8E5EDB8D8CF}.Debug.Build.0 = Debug|Win32
		{E55D5864-4147-4829-98D3-D8E5EDB8D8CF}.Debug MinSize.ActiveCfg = Debug|Win32
		{E55D5864-4147-4829-98D3-D8E5EDB8D8CF}.Debug MinSize.Build.0 = Debug|Win32
		{E55D5864-4147-4829-98D3-D8E5EDB8D8CF}.Release.ActiveCfg = Release|Win32
		{E55D5864-4147-4829-98D3-D8E5EDB8D8CF}.Release.Build.0 = Release|Win32
		{E55D5864-4147-4829-98D3-D8E5EDB8D8CF}.Release MinSize.ActiveCfg = Release|Win32
		{E55D5864-4147-4829-98D3-D8E5EDB8D8CF}.Release MinSize.Build.0 = Release|Win32
		{7F7967C2-BCC8-41F3-AFEB-CED6502A3F44}.Debug.ActiveCfg = Debug|Win32
		{7F7967C2-BCC8-41F3-AFEB-CED6502A3F44}.Debug.Build.0 = Debug|Win32
		{7F7967C2-BCC8-41F3-AFEB-CED6502A3F44}.Debug MinSize.ActiveCfg = Debug MinSize|Win32
		{7F7967C2-BCC8-41F3-AFEB-CED6502A3F44}.Debug MinSize.Build.0 = Debug MinSize|Win32
		{7F7967C2-BCC8-41F3-AFEB-CED6502A3F44}.Release.ActiveCfg = Release|Win32
		{7F7967C2-BCC8-41F3-AFEB-CED6502A3F44}.Release.Build.0 = Release|Win32
		{7F7967C2-BCC8-41F3-AFEB-CED6502A3F44}.Release MinSize.ActiveCfg = Release MinSize|Win32
		{7F7967C2-BCC8-41F3-AFEB-CED6502A3F44}.Release MinSize.Build.0 = Release MinSize|Win32
		{442104C5-1D54-4950-9C26-D7626EE856BC}.Debug.ActiveCfg = Debug|Win32
		{442104C5-1D54-4950-9C26-D7626EE856BC}.Debug.Build.0 = Debug|Win32
		{442104C5-1D54-4950-9C26-D7626EE856BC}.Debug MinSize.ActiveCfg = Debug MinSize|Win32
		{442104C5-1D54-4950-9C26-D7626EE856BC}.Debug MinSize.Build.0 = Debug MinSize|Win32
		{442104C5-1D54-4950-9C26-D7626EE856BC}.Release.ActiveCfg = Release|Win32
		{442104C5-1D54-4950-9C26-D7626EE856BC}.Release.Build.0 = Release|Win32
		{442104C5-1D54-4950-9C26-D7626EE856BC}.Release MinSize.ActiveCfg = Release MinSize|Win32
		{442104C5-1D54-4950-9C26-D7626EE856BC}.Release MinSize.Build.0 = Release MinSize|Win32
		{21C44C13-4EE0-4050-8E4E-F7D37E77AB79}.Debug.ActiveCfg = Debug|Win32
		{21C44C13-4EE0-4050-8E4E-F7D37E77AB79}.Debug.Build.0 = Debug|Win32
		{21C44C13-4EE0-4050-8E4E-F7D37E77AB79}.Debug MinSize.ActiveCfg = Debug MinSize|Win32
		{21C44C13-4EE0-4050-8E4E-F7D37E77AB79}.Debug MinSize.Build.0 = Debug MinSize|Win32
		{21C44C13-4EE0-4050-8E4E-F7D37E77AB79}.Release.ActiveCfg = Release|Win32
		{21C44C13-4EE0-4050-8E4E-F7D37E77AB79}.Release.Build.0 = Release|Win32
		{21C44C13-4EE0-4050-8E4E-F7D37E77AB79}.Release MinSize.ActiveCfg = Release MinSize|Win32
		{21C44C13-4EE0-4050-8E4E-F7D37E77AB79}.Release MinSize.Build.0 = Release MinSize|Win32
		{BA73FD7A-20A2-447E-8072-3F04DA0C872A}.Debug.ActiveCfg = Debug|Win32
		{BA73FD7A-20A2-447E-8072-3F04DA0C872A}.Debug.Build.0 = Debug|Win32
		{BA73FD7A-20A2-447E-8072-3F04DA0C872A}.Debug MinSize.ActiveCfg = Debug|Win32
		{BA73FD7A-20A2-447E-8072-3F04DA0C872A}.Debug MinSize.Build.0 = Debug|Win32
		{BA73FD7A-20A2-447E-8072-3F04DA0C872A}.Release.ActiveCfg = Release|Win32
		{BA73FD7A-20A2-447E-8072-3F04DA0C872A}.Release.Build.0 = Release|Win32
		{BA73FD7A-20A2-447E-8072-3F04DA0C872A}.Release MinSize.ActiveCfg = Release|Win32
		{BA73FD7A-20A2-447E-8072-3F04DA0C872A}.Release MinSize.Build.0 = Release|Win32
		{8E087142-F046-4B6D-91B2-E25BFCC561F3}.Debug.ActiveCfg = Debug|Win32
		{8E087142-F046-4B6D-91B2-E25BFCC561F3}.Debug.Build.0 = Debug|Win32
		{8E087142-F046-4B6D-91B2-E25BFCC561F3}.Debug MinSize.ActiveCfg = Debug|Win32
		{8E087142-F046-4B6D-91B2-E25BFCC561F3}.Debug MinSize.Build.0 = Debug|Win32
		{8E087142-F046-4B6D-91B2-E25BFCC561F3}.Release.ActiveCfg = Release|Win32
		{8E087142-F046-4B6D-91B2-E25BFCC561F3}.Release.Build.0 = Release|Win32
		{8E087142-F046-4B6D-91B2-E25BFCC561F3}.Release MinSize.ActiveCfg = Release|Win32
		{8E087142-F046-4B6D-91B2-E25BFCC561F3}.Release MinSize.Build.0 = Release|Win32
		{8948DE7B-73A7-4BDB-98E8-0F500B40B065}.Debug.ActiveCfg = Debug|Win32
		{8948DE7B-73A7-4BDB-98E8-0F500B40B065}.Debug.Build.0 = Debug|Win32
		{8948DE7B-73A7-4BDB-98E8-0F500B40B065}.Debug MinSize.ActiveCfg = Debug|Win32
		{8948DE7B-73A7-4BDB-98E8-0F500B40B065}.Debug MinSize.Build.0 = Debug|Win32
		{8948DE7B-73A7-4BDB-98E8-0F500B40B065}.Release.ActiveCfg = Release|Win32
		{8948DE7B-73A7-4BDB-98E8-0F500B40B065}.Release.Build.0 = Release|Win32
		{8948DE7B-73A7-4BDB-98E8-0F500B40B065}.Release MinSize.ActiveCfg = Release|Win32
		{8948DE7B-73A7-4BDB-98E8-0F500B40B065}.Release MinSize.Build.0 = Release|Win32
		{EEBF1D78-F5B5-4A11-A304-6ABDBEA12882}.Debug.ActiveCfg = Debug|Win32
		{EEBF1D78-F5B5-4A11-A304-6ABDBEA12882}.Debug.Build.0 = Debug|Win32
		{EEBF1D78-F5B5-4A11-A304-6ABDBEA12882}.Debug MinSize.ActiveCfg = Debug|Win32
		{EEBF1D78-F5B5-4A11-A304-6ABDBEA12882}.Debug MinSize.Build.0 = Debug|Win32
		{EEBF1D78-F5B5-4A11-A304-6ABDBEA12882}.Release.ActiveCfg = Release|Win32
		{EEBF1D78-F5B5-4A11-A304-6ABDBEA12882}.Release.Build.0 = Release|Win32
		{EEBF1D78-F5B5-4A11-A304-6ABDBEA12882}.Release MinSize.ActiveCfg = Release|Win32
		{EEBF1D78-F5B5-4A11-A304-6ABDBEA12882}.Release MinSize.Build.0 = Release|Win32
	EndGlobalSection
	GlobalSection(ExtensibilityGlobals) = postSolution
	EndGlobalSection
	GlobalSection(ExtensibilityAddIns) = postSolution
	EndGlobalSection
EndGlobal
