Microsoft Visual Studio Solution File, Format Version 10.00
# Visual C++ Express 2008
Project("{D21EA206-7BBC-4F5B-8518-A798E56EE0FC}") = "Fluid", "Fluid.vcproj", "{1B69337F-FA83-41F1-86AC-9C3E5EDDF7CD}"
	ProjectSection(ProjectDependencies) = postProject
		{57369729-6B61-4DCD-9289-79E0E2A168E8} = {57369729-6B61-4DCD-9289-79E0E2A168E8}
		{9BDDFD0A-6B25-4532-8AAF-897D526A845D} = {9BDDFD0A-6B25-4532-8AAF-897D526A845D}
		{AF7CC2D4-BBC7-4995-B18D-6A590C267527} = {AF7CC2D4-BBC7-4995-B18D-6A590C267527}
		{417DB0F9-647A-4A36-ADFF-4196F7C1963D} = {417DB0F9-647A-4A36-ADFF-4196F7C1963D}
		{2F487ADB-AB3A-44B1-A824-D25C00A2D30A} = {2F487ADB-AB3A-44B1-A824-D25C00A2D30A}
	EndProjectSection
EndProject
Project("{D21EA206-7BBC-4F5B-8518-A798E56EE0FC}") = "fltk3", "fltk3.vcproj", "{57369729-6B61-4DCD-9289-79E0E2A168E8}"
	ProjectSection(ProjectDependencies) = postProject
	EndProjectSection
EndProject
Project("{D21EA206-7BBC-4F5B-8518-A798E56EE0FC}") = "fltk3gl", "fltk3gl.vcproj", "{F0B23DD8-B4C3-4DB7-A879-3250CFAC686B}"
	ProjectSection(ProjectDependencies) = postProject
		{57369729-6B61-4DCD-9289-79E0E2A168E8} = {57369729-6B61-4DCD-9289-79E0E2A168E8}
	EndProjectSection
EndProject
Project("{D21EA206-7BBC-4F5B-8518-A798E56EE0FC}") = "fltk3images", "fltk3images.vcproj", "{9BDDFD0A-6B25-4532-8AAF-897D526A845D}"
	ProjectSection(ProjectDependencies) = postProject
		{57369729-6B61-4DCD-9289-79E0E2A168E8} = {57369729-6B61-4DCD-9289-79E0E2A168E8}
		{AF7CC2D4-BBC7-4995-B18D-6A590C267527} = {AF7CC2D4-BBC7-4995-B18D-6A590C267527}
		{417DB0F9-647A-4A36-ADFF-4196F7C1963D} = {417DB0F9-647A-4A36-ADFF-4196F7C1963D}
	EndProjectSection
EndProject
Project("{D21EA206-7BBC-4F5B-8518-A798E56EE0FC}") = "fltk3png", "fltk3png.vcproj", "{AF7CC2D4-BBC7-4995-B18D-6A590C267527}"
	ProjectSection(ProjectDependencies) = postProject
		{57369729-6B61-4DCD-9289-79E0E2A168E8} = {57369729-6B61-4DCD-9289-79E0E2A168E8}
		{2F487ADB-AB3A-44B1-A824-D25C00A2D30A} = {2F487ADB-AB3A-44B1-A824-D25C00A2D30A}
	EndProjectSection
EndProject
Project("{D21EA206-7BBC-4F5B-8518-A798E56EE0FC}") = "fltk3jpeg", "fltk3jpeg.vcproj", "{417DB0F9-647A-4A36-ADFF-4196F7C1963D}"
	ProjectSection(ProjectDependencies) = postProject
		{57369729-6B61-4DCD-9289-79E0E2A168E8} = {57369729-6B61-4DCD-9289-79E0E2A168E8}
	EndProjectSection
EndProject
Project("{D21EA206-7BBC-4F5B-8518-A798E56EE0FC}") = "fltk3zlib", "fltk3zlib.vcproj", "{2F487ADB-AB3A-44B1-A824-D25C00A2D30A}"
	ProjectSection(ProjectDependencies) = postProject
		{57369729-6B61-4DCD-9289-79E0E2A168E8} = {57369729-6B61-4DCD-9289-79E0E2A168E8}
	EndProjectSection
EndProject
Project("{D21EA206-7BBC-4F5B-8518-A798E56EE0FC}") = "demo", "demo.vcproj", "{AAC13E91-C3A5-4742-8D97-26F6E3019AE4}"
	ProjectSection(ProjectDependencies) = postProject
		{57369729-6B61-4DCD-9289-79E0E2A168E8} = {57369729-6B61-4DCD-9289-79E0E2A168E8}
		{001A9787-8FD8-4B62-8476-8FDAFC41D7E2} = {001A9787-8FD8-4B62-8476-8FDAFC41D7E2}
		{8851FA01-2513-4A95-BDAD-21BA2A443E7C} = {8851FA01-2513-4A95-BDAD-21BA2A443E7C}
		{98A189C1-09E0-41C2-B6A0-9AC3FA922EF0} = {98A189C1-09E0-41C2-B6A0-9AC3FA922EF0}
		{BC021DFF-0572-486A-B41C-F402FFCA0A31} = {BC021DFF-0572-486A-B41C-F402FFCA0A31}
		{384E7244-879F-4238-B68C-8996A32B506A} = {384E7244-879F-4238-B68C-8996A32B506A}
		{9921B382-8FC5-4E13-B9DA-B9752CE43EDA} = {9921B382-8FC5-4E13-B9DA-B9752CE43EDA}
		{0645AB27-5F42-4350-B4DE-BC9915103BA3} = {0645AB27-5F42-4350-B4DE-BC9915103BA3}
		{EB201263-5D19-483F-8967-779B7A23973E} = {EB201263-5D19-483F-8967-779B7A23973E}
		{0457B212-626D-4694-A513-B96E60EDBC39} = {0457B212-626D-4694-A513-B96E60EDBC39}
		{AFA521D1-3AF4-427A-9F49-3CF7E279691F} = {AFA521D1-3AF4-427A-9F49-3CF7E279691F}
		{9D51C550-7AE2-45A5-BD7E-5698A5ABD0A3} = {9D51C550-7AE2-45A5-BD7E-5698A5ABD0A3}
		{F8E8C96D-B1BE-4CDE-A6FB-79F958A45AF2} = {F8E8C96D-B1BE-4CDE-A6FB-79F958A45AF2}
		{1E1DB164-7B4A-41E7-BA03-05E163E92ABE} = {1E1DB164-7B4A-41E7-BA03-05E163E92ABE}
		{B740BD32-2F75-4E74-9B11-63DCAE6E6418} = {B740BD32-2F75-4E74-9B11-63DCAE6E6418}
		{060105B4-5FA8-46A2-B5AF-B58F0CF2958A} = {060105B4-5FA8-46A2-B5AF-B58F0CF2958A}
		{C1F8DFB7-9C66-4138-800B-2B2B7CBE383C} = {C1F8DFB7-9C66-4138-800B-2B2B7CBE383C}
		{B2C572AE-4720-4770-B451-382FCB87A34A} = {B2C572AE-4720-4770-B451-382FCB87A34A}
		{81262FB6-1DCC-42BE-90DE-552036188129} = {81262FB6-1DCC-42BE-90DE-552036188129}
		{FC0E7C5C-715B-41DF-A6C1-5C634046680B} = {FC0E7C5C-715B-41DF-A6C1-5C634046680B}
		{AE6C6316-F27C-49AB-9AE7-B5B1C76E7158} = {AE6C6316-F27C-49AB-9AE7-B5B1C76E7158}
		{B63B4333-146D-4878-97DF-2B288E1D6AFB} = {B63B4333-146D-4878-97DF-2B288E1D6AFB}
		{74C90FEF-F138-4A72-B3B6-F2D2D8A114E6} = {74C90FEF-F138-4A72-B3B6-F2D2D8A114E6}
		{3E7EC4B3-B8B4-4055-B9A7-A07EC88A15EC} = {3E7EC4B3-B8B4-4055-B9A7-A07EC88A15EC}
		{9C217068-6B33-4F5E-974E-D795185EBF6D} = {9C217068-6B33-4F5E-974E-D795185EBF6D}
		{9CFD2E83-D5C8-4789-8BBA-7F17DC9021F9} = {9CFD2E83-D5C8-4789-8BBA-7F17DC9021F9}
		{5D723F2F-94C0-4FA7-9C05-A090B035A083} = {5D723F2F-94C0-4FA7-9C05-A090B035A083}
		{A0506BCD-CFC0-4549-805F-170E85F570D3} = {A0506BCD-CFC0-4549-805F-170E85F570D3}
		{8F0165D2-6107-49A0-BD35-B01A472A4062} = {8F0165D2-6107-49A0-BD35-B01A472A4062}
		{B846C052-53B2-4B99-9930-6C440E047FD8} = {B846C052-53B2-4B99-9930-6C440E047FD8}
		{B28DEB1D-FFE9-4801-8F54-1F2D7D96D11A} = {B28DEB1D-FFE9-4801-8F54-1F2D7D96D11A}
		{0C0BB057-9E25-4673-95F7-06641BA79C9A} = {0C0BB057-9E25-4673-95F7-06641BA79C9A}
		{0FC89FEC-16BA-49A8-90B4-0EFDCA5360F7} = {0FC89FEC-16BA-49A8-90B4-0EFDCA5360F7}
		{8F2803B3-0728-47DB-A5AA-8D797D763E88} = {8F2803B3-0728-47DB-A5AA-8D797D763E88}
		{AEEAA248-8FE2-4687-830B-610FE75C3CC0} = {AEEAA248-8FE2-4687-830B-610FE75C3CC0}
		{E6C2D3FF-4100-49D2-9014-56114A9E8608} = {E6C2D3FF-4100-49D2-9014-56114A9E8608}
		{D2DBBCD9-40D2-4A49-BDAF-346120D2DB8E} = {D2DBBCD9-40D2-4A49-BDAF-346120D2DB8E}
		{E8CE65CA-3B20-4A38-A0D8-3DF575ADE66E} = {E8CE65CA-3B20-4A38-A0D8-3DF575ADE66E}
		{C1AEABBA-E0F6-4B82-B709-0A44BAADEF59} = {C1AEABBA-E0F6-4B82-B709-0A44BAADEF59}
		{599F1D54-64F1-4333-B886-7D63E2D6D086} = {599F1D54-64F1-4333-B886-7D63E2D6D086}
		{7897431E-6BC4-4A96-9A41-CFF1D0D02241} = {7897431E-6BC4-4A96-9A41-CFF1D0D02241}
		{E8472464-AD36-4AFD-9248-1B5D4A680FB6} = {E8472464-AD36-4AFD-9248-1B5D4A680FB6}
		{9ECC6E13-4B94-4B31-BDE5-B8E7F9612027} = {9ECC6E13-4B94-4B31-BDE5-B8E7F9612027}
		{7EBAD616-7AC5-46E0-B203-3F92D8110D9E} = {7EBAD616-7AC5-46E0-B203-3F92D8110D9E}
		{B0B9FC83-4878-4BBB-A9AE-F0BF6CB51BE7} = {B0B9FC83-4878-4BBB-A9AE-F0BF6CB51BE7}
		{9774BE9A-32B5-408D-A963-EE1ABEA49873} = {9774BE9A-32B5-408D-A963-EE1ABEA49873}
		{54BF5BBA-37B9-4D9B-96B7-6AB8327854D6} = {54BF5BBA-37B9-4D9B-96B7-6AB8327854D6}
		{0FA1976B-7BFC-4390-9722-557D459F76F4} = {0FA1976B-7BFC-4390-9722-557D459F76F4}
		{FA1ECD8C-428B-48D9-8447-FA9660B06689} = {FA1ECD8C-428B-48D9-8447-FA9660B06689}
		{372AFBC9-416B-4FC1-8163-D8F8F8B49755} = {372AFBC9-416B-4FC1-8163-D8F8F8B49755}
		{C98C9341-8A2C-4F0F-8594-927F49C8A490} = {C98C9341-8A2C-4F0F-8594-927F49C8A490}
		{D427BAFD-8A53-4942-9E5D-9C4228D0D5AC} = {D427BAFD-8A53-4942-9E5D-9C4228D0D5AC}
		{5B78E5E4-C866-4123-84B4-1417C268AACA} = {5B78E5E4-C866-4123-84B4-1417C268AACA}
		{EE8DC2A1-8622-43AA-A6D9-DF30FEBB53FC} = {EE8DC2A1-8622-43AA-A6D9-DF30FEBB53FC}
		{6316C4EC-B982-4BA9-8FB3-94C94F06C73C} = {6316C4EC-B982-4BA9-8FB3-94C94F06C73C}
		{8E4ACC7F-5626-4021-AB24-0C89FE8FCF2F} = {8E4ACC7F-5626-4021-AB24-0C89FE8FCF2F}
		{663A34A5-965A-4A55-B814-2A638CADD202} = {663A34A5-965A-4A55-B814-2A638CADD202}
		{52F041EB-3418-4A2E-B559-B6EA18CB4EA2} = {52F041EB-3418-4A2E-B559-B6EA18CB4EA2}
		{29D907BD-7A6D-42D5-BDDE-6DEC41766F63} = {29D907BD-7A6D-42D5-BDDE-6DEC41766F63}
		{CFC4D5B5-B13B-44E0-80C5-A9A8BE8DC9C6} = {CFC4D5B5-B13B-44E0-80C5-A9A8BE8DC9C6}
		{8DCB8363-A8A3-402B-A9E2-82B0BCFD5992} = {8DCB8363-A8A3-402B-A9E2-82B0BCFD5992}
		{2AED0659-9176-4597-B6E8-514211C67F2E} = {2AED0659-9176-4597-B6E8-514211C67F2E}
		{CF27B5AE-563D-4696-B736-8AA9E4029544} = {CF27B5AE-563D-4696-B736-8AA9E4029544}
		{93192E86-8DB1-4DA8-94ED-CF3D8C0D9FF0} = {93192E86-8DB1-4DA8-94ED-CF3D8C0D9FF0}
		{CDA4E57A-3852-4DC0-83C7-96B065BDCEBC} = {CDA4E57A-3852-4DC0-83C7-96B065BDCEBC}
		{A743EA39-53F1-4B3F-9660-DE2ED763271E} = {A743EA39-53F1-4B3F-9660-DE2ED763271E}
		{1A887418-FAAA-4468-8281-7D43343D7B6C} = {1A887418-FAAA-4468-8281-7D43343D7B6C}
		{AA5D9385-F52A-488F-88C4-D880E094A779} = {AA5D9385-F52A-488F-88C4-D880E094A779}
		{1B69337F-FA83-41F1-86AC-9C3E5EDDF7CD} = {1B69337F-FA83-41F1-86AC-9C3E5EDDF7CD}
	EndProjectSection
EndProject
Project("{D21EA206-7BBC-4F5B-8518-A798E56EE0FC}") = "adjuster", "adjuster.vcproj", "{001A9787-8FD8-4B62-8476-8FDAFC41D7E2}"
	ProjectSection(ProjectDependencies) = postProject
		{57369729-6B61-4DCD-9289-79E0E2A168E8} = {57369729-6B61-4DCD-9289-79E0E2A168E8}
	EndProjectSection
EndProject
Project("{D21EA206-7BBC-4F5B-8518-A798E56EE0FC}") = "arc", "arc.vcproj", "{8851FA01-2513-4A95-BDAD-21BA2A443E7C}"
	ProjectSection(ProjectDependencies) = postProject
		{57369729-6B61-4DCD-9289-79E0E2A168E8} = {57369729-6B61-4DCD-9289-79E0E2A168E8}
	EndProjectSection
EndProject
Project("{D21EA206-7BBC-4F5B-8518-A798E56EE0FC}") = "ask", "ask.vcproj", "{98A189C1-09E0-41C2-B6A0-9AC3FA922EF0}"
	ProjectSection(ProjectDependencies) = postProject
		{57369729-6B61-4DCD-9289-79E0E2A168E8} = {57369729-6B61-4DCD-9289-79E0E2A168E8}
	EndProjectSection
EndProject
Project("{D21EA206-7BBC-4F5B-8518-A798E56EE0FC}") = "bitmap", "bitmap.vcproj", "{BC021DFF-0572-486A-B41C-F402FFCA0A31}"
	ProjectSection(ProjectDependencies) = postProject
		{57369729-6B61-4DCD-9289-79E0E2A168E8} = {57369729-6B61-4DCD-9289-79E0E2A168E8}
	EndProjectSection
EndProject
Project("{D21EA206-7BBC-4F5B-8518-A798E56EE0FC}") = "blocks", "blocks.vcproj", "{384E7244-879F-4238-B68C-8996A32B506A}"
	ProjectSection(ProjectDependencies) = postProject
		{57369729-6B61-4DCD-9289-79E0E2A168E8} = {57369729-6B61-4DCD-9289-79E0E2A168E8}
	EndProjectSection
EndProject
Project("{D21EA206-7BBC-4F5B-8518-A798E56EE0FC}") = "boxtype", "boxtype.vcproj", "{9921B382-8FC5-4E13-B9DA-B9752CE43EDA}"
	ProjectSection(ProjectDependencies) = postProject
		{57369729-6B61-4DCD-9289-79E0E2A168E8} = {57369729-6B61-4DCD-9289-79E0E2A168E8}
	EndProjectSection
EndProject
Project("{D21EA206-7BBC-4F5B-8518-A798E56EE0FC}") = "browser", "browser.vcproj", "{0645AB27-5F42-4350-B4DE-BC9915103BA3}"
	ProjectSection(ProjectDependencies) = postProject
		{57369729-6B61-4DCD-9289-79E0E2A168E8} = {57369729-6B61-4DCD-9289-79E0E2A168E8}
	EndProjectSection
EndProject
Project("{D21EA206-7BBC-4F5B-8518-A798E56EE0FC}") = "button", "button.vcproj", "{EB201263-5D19-483F-8967-779B7A23973E}"
	ProjectSection(ProjectDependencies) = postProject
		{57369729-6B61-4DCD-9289-79E0E2A168E8} = {57369729-6B61-4DCD-9289-79E0E2A168E8}
	EndProjectSection
EndProject
Project("{D21EA206-7BBC-4F5B-8518-A798E56EE0FC}") = "buttons", "buttons.vcproj", "{0457B212-626D-4694-A513-B96E60EDBC39}"
	ProjectSection(ProjectDependencies) = postProject
		{57369729-6B61-4DCD-9289-79E0E2A168E8} = {57369729-6B61-4DCD-9289-79E0E2A168E8}
	EndProjectSection
EndProject
Project("{D21EA206-7BBC-4F5B-8518-A798E56EE0FC}") = "checkers", "checkers.vcproj", "{AFA521D1-3AF4-427A-9F49-3CF7E279691F}"
	ProjectSection(ProjectDependencies) = postProject
		{57369729-6B61-4DCD-9289-79E0E2A168E8} = {57369729-6B61-4DCD-9289-79E0E2A168E8}
	EndProjectSection
EndProject
Project("{D21EA206-7BBC-4F5B-8518-A798E56EE0FC}") = "clock", "clock.vcproj", "{9D51C550-7AE2-45A5-BD7E-5698A5ABD0A3}"
	ProjectSection(ProjectDependencies) = postProject
		{57369729-6B61-4DCD-9289-79E0E2A168E8} = {57369729-6B61-4DCD-9289-79E0E2A168E8}
	EndProjectSection
EndProject
Project("{D21EA206-7BBC-4F5B-8518-A798E56EE0FC}") = "colbrowser", "colbrowser.vcproj", "{F8E8C96D-B1BE-4CDE-A6FB-79F958A45AF2}"
	ProjectSection(ProjectDependencies) = postProject
		{57369729-6B61-4DCD-9289-79E0E2A168E8} = {57369729-6B61-4DCD-9289-79E0E2A168E8}
	EndProjectSection
EndProject
Project("{D21EA206-7BBC-4F5B-8518-A798E56EE0FC}") = "color_chooser", "color_chooser.vcproj", "{1E1DB164-7B4A-41E7-BA03-05E163E92ABE}"
	ProjectSection(ProjectDependencies) = postProject
		{57369729-6B61-4DCD-9289-79E0E2A168E8} = {57369729-6B61-4DCD-9289-79E0E2A168E8}
	EndProjectSection
EndProject
Project("{D21EA206-7BBC-4F5B-8518-A798E56EE0FC}") = "cube", "cube.vcproj", "{B740BD32-2F75-4E74-9B11-63DCAE6E6418}"
	ProjectSection(ProjectDependencies) = postProject
		{57369729-6B61-4DCD-9289-79E0E2A168E8} = {57369729-6B61-4DCD-9289-79E0E2A168E8}
		{F0B23DD8-B4C3-4DB7-A879-3250CFAC686B} = {F0B23DD8-B4C3-4DB7-A879-3250CFAC686B}
	EndProjectSection
EndProject
Project("{D21EA206-7BBC-4F5B-8518-A798E56EE0FC}") = "CubeView", "CubeView.vcproj", "{060105B4-5FA8-46A2-B5AF-B58F0CF2958A}"
	ProjectSection(ProjectDependencies) = postProject
		{57369729-6B61-4DCD-9289-79E0E2A168E8} = {57369729-6B61-4DCD-9289-79E0E2A168E8}
		{F0B23DD8-B4C3-4DB7-A879-3250CFAC686B} = {F0B23DD8-B4C3-4DB7-A879-3250CFAC686B}
		{1B69337F-FA83-41F1-86AC-9C3E5EDDF7CD} = {1B69337F-FA83-41F1-86AC-9C3E5EDDF7CD}
	EndProjectSection
EndProject
Project("{D21EA206-7BBC-4F5B-8518-A798E56EE0FC}") = "cursor", "cursor.vcproj", "{C1F8DFB7-9C66-4138-800B-2B2B7CBE383C}"
	ProjectSection(ProjectDependencies) = postProject
		{57369729-6B61-4DCD-9289-79E0E2A168E8} = {57369729-6B61-4DCD-9289-79E0E2A168E8}
	EndProjectSection
EndProject
Project("{D21EA206-7BBC-4F5B-8518-A798E56EE0FC}") = "curve", "curve.vcproj", "{B2C572AE-4720-4770-B451-382FCB87A34A}"
	ProjectSection(ProjectDependencies) = postProject
		{57369729-6B61-4DCD-9289-79E0E2A168E8} = {57369729-6B61-4DCD-9289-79E0E2A168E8}
	EndProjectSection
EndProject
Project("{D21EA206-7BBC-4F5B-8518-A798E56EE0FC}") = "device", "device.vcproj", "{81262FB6-1DCC-42BE-90DE-552036188129}"
	ProjectSection(ProjectDependencies) = postProject
		{9BDDFD0A-6B25-4532-8AAF-897D526A845D} = {9BDDFD0A-6B25-4532-8AAF-897D526A845D}
		{57369729-6B61-4DCD-9289-79E0E2A168E8} = {57369729-6B61-4DCD-9289-79E0E2A168E8}
		{AF7CC2D4-BBC7-4995-B18D-6A590C267527} = {AF7CC2D4-BBC7-4995-B18D-6A590C267527}
		{417DB0F9-647A-4A36-ADFF-4196F7C1963D} = {417DB0F9-647A-4A36-ADFF-4196F7C1963D}
		{2F487ADB-AB3A-44B1-A824-D25C00A2D30A} = {2F487ADB-AB3A-44B1-A824-D25C00A2D30A}
	EndProjectSection
EndProject
Project("{D21EA206-7BBC-4F5B-8518-A798E56EE0FC}") = "doublebuffer", "doublebuffer.vcproj", "{FC0E7C5C-715B-41DF-A6C1-5C634046680B}"
	ProjectSection(ProjectDependencies) = postProject
		{57369729-6B61-4DCD-9289-79E0E2A168E8} = {57369729-6B61-4DCD-9289-79E0E2A168E8}
	EndProjectSection
EndProject
Project("{D21EA206-7BBC-4F5B-8518-A798E56EE0FC}") = "editor", "editor.vcproj", "{AE6C6316-F27C-49AB-9AE7-B5B1C76E7158}"
	ProjectSection(ProjectDependencies) = postProject
		{9BDDFD0A-6B25-4532-8AAF-897D526A845D} = {9BDDFD0A-6B25-4532-8AAF-897D526A845D}
		{57369729-6B61-4DCD-9289-79E0E2A168E8} = {57369729-6B61-4DCD-9289-79E0E2A168E8}
		{AF7CC2D4-BBC7-4995-B18D-6A590C267527} = {AF7CC2D4-BBC7-4995-B18D-6A590C267527}
		{417DB0F9-647A-4A36-ADFF-4196F7C1963D} = {417DB0F9-647A-4A36-ADFF-4196F7C1963D}
		{2F487ADB-AB3A-44B1-A824-D25C00A2D30A} = {2F487ADB-AB3A-44B1-A824-D25C00A2D30A}
	EndProjectSection
EndProject
Project("{D21EA206-7BBC-4F5B-8518-A798E56EE0FC}") = "fast_slow", "fast_slow.vcproj", "{B63B4333-146D-4878-97DF-2B288E1D6AFB}"
	ProjectSection(ProjectDependencies) = postProject
		{57369729-6B61-4DCD-9289-79E0E2A168E8} = {57369729-6B61-4DCD-9289-79E0E2A168E8}
		{1B69337F-FA83-41F1-86AC-9C3E5EDDF7CD} = {1B69337F-FA83-41F1-86AC-9C3E5EDDF7CD}
	EndProjectSection
EndProject
Project("{D21EA206-7BBC-4F5B-8518-A798E56EE0FC}") = "file_chooser", "file_chooser.vcproj", "{74C90FEF-F138-4A72-B3B6-F2D2D8A114E6}"
	ProjectSection(ProjectDependencies) = postProject
		{9BDDFD0A-6B25-4532-8AAF-897D526A845D} = {9BDDFD0A-6B25-4532-8AAF-897D526A845D}
		{57369729-6B61-4DCD-9289-79E0E2A168E8} = {57369729-6B61-4DCD-9289-79E0E2A168E8}
		{AF7CC2D4-BBC7-4995-B18D-6A590C267527} = {AF7CC2D4-BBC7-4995-B18D-6A590C267527}
		{417DB0F9-647A-4A36-ADFF-4196F7C1963D} = {417DB0F9-647A-4A36-ADFF-4196F7C1963D}
		{2F487ADB-AB3A-44B1-A824-D25C00A2D30A} = {2F487ADB-AB3A-44B1-A824-D25C00A2D30A}
	EndProjectSection
EndProject
Project("{D21EA206-7BBC-4F5B-8518-A798E56EE0FC}") = "fonts", "fonts.vcproj", "{3E7EC4B3-B8B4-4055-B9A7-A07EC88A15EC}"
	ProjectSection(ProjectDependencies) = postProject
		{57369729-6B61-4DCD-9289-79E0E2A168E8} = {57369729-6B61-4DCD-9289-79E0E2A168E8}
	EndProjectSection
EndProject
Project("{D21EA206-7BBC-4F5B-8518-A798E56EE0FC}") = "fractals", "fractals.vcproj", "{9C217068-6B33-4F5E-974E-D795185EBF6D}"
	ProjectSection(ProjectDependencies) = postProject
		{F0B23DD8-B4C3-4DB7-A879-3250CFAC686B} = {F0B23DD8-B4C3-4DB7-A879-3250CFAC686B}
		{57369729-6B61-4DCD-9289-79E0E2A168E8} = {57369729-6B61-4DCD-9289-79E0E2A168E8}
	EndProjectSection
EndProject
Project("{D21EA206-7BBC-4F5B-8518-A798E56EE0FC}") = "fullscreen", "fullscreen.vcproj", "{9CFD2E83-D5C8-4789-8BBA-7F17DC9021F9}"
	ProjectSection(ProjectDependencies) = postProject
		{57369729-6B61-4DCD-9289-79E0E2A168E8} = {57369729-6B61-4DCD-9289-79E0E2A168E8}
		{F0B23DD8-B4C3-4DB7-A879-3250CFAC686B} = {F0B23DD8-B4C3-4DB7-A879-3250CFAC686B}
	EndProjectSection
EndProject
Project("{D21EA206-7BBC-4F5B-8518-A798E56EE0FC}") = "gl_overlay", "gl_overlay.vcproj", "{5D723F2F-94C0-4FA7-9C05-A090B035A083}"
	ProjectSection(ProjectDependencies) = postProject
		{57369729-6B61-4DCD-9289-79E0E2A168E8} = {57369729-6B61-4DCD-9289-79E0E2A168E8}
		{F0B23DD8-B4C3-4DB7-A879-3250CFAC686B} = {F0B23DD8-B4C3-4DB7-A879-3250CFAC686B}
	EndProjectSection
EndProject
Project("{D21EA206-7BBC-4F5B-8518-A798E56EE0FC}") = "glpuzzle", "glpuzzle.vcproj", "{A0506BCD-CFC0-4549-805F-170E85F570D3}"
	ProjectSection(ProjectDependencies) = postProject
		{F0B23DD8-B4C3-4DB7-A879-3250CFAC686B} = {F0B23DD8-B4C3-4DB7-A879-3250CFAC686B}
		{57369729-6B61-4DCD-9289-79E0E2A168E8} = {57369729-6B61-4DCD-9289-79E0E2A168E8}
	EndProjectSection
EndProject
Project("{D21EA206-7BBC-4F5B-8518-A798E56EE0FC}") = "hello", "hello.vcproj", "{8F0165D2-6107-49A0-BD35-B01A472A4062}"
	ProjectSection(ProjectDependencies) = postProject
		{57369729-6B61-4DCD-9289-79E0E2A168E8} = {57369729-6B61-4DCD-9289-79E0E2A168E8}
	EndProjectSection
EndProject
Project("{D21EA206-7BBC-4F5B-8518-A798E56EE0FC}") = "help", "help.vcproj", "{B846C052-53B2-4B99-9930-6C440E047FD8}"
	ProjectSection(ProjectDependencies) = postProject
		{9BDDFD0A-6B25-4532-8AAF-897D526A845D} = {9BDDFD0A-6B25-4532-8AAF-897D526A845D}
		{57369729-6B61-4DCD-9289-79E0E2A168E8} = {57369729-6B61-4DCD-9289-79E0E2A168E8}
		{AF7CC2D4-BBC7-4995-B18D-6A590C267527} = {AF7CC2D4-BBC7-4995-B18D-6A590C267527}
		{417DB0F9-647A-4A36-ADFF-4196F7C1963D} = {417DB0F9-647A-4A36-ADFF-4196F7C1963D}
		{2F487ADB-AB3A-44B1-A824-D25C00A2D30A} = {2F487ADB-AB3A-44B1-A824-D25C00A2D30A}
	EndProjectSection
EndProject
Project("{D21EA206-7BBC-4F5B-8518-A798E56EE0FC}") = "iconize", "iconize.vcproj", "{B28DEB1D-FFE9-4801-8F54-1F2D7D96D11A}"
	ProjectSection(ProjectDependencies) = postProject
		{57369729-6B61-4DCD-9289-79E0E2A168E8} = {57369729-6B61-4DCD-9289-79E0E2A168E8}
	EndProjectSection
EndProject
Project("{D21EA206-7BBC-4F5B-8518-A798E56EE0FC}") = "image", "image.vcproj", "{0C0BB057-9E25-4673-95F7-06641BA79C9A}"
	ProjectSection(ProjectDependencies) = postProject
		{57369729-6B61-4DCD-9289-79E0E2A168E8} = {57369729-6B61-4DCD-9289-79E0E2A168E8}
	EndProjectSection
EndProject
Project("{D21EA206-7BBC-4F5B-8518-A798E56EE0FC}") = "inactive", "inactive.vcproj", "{0FC89FEC-16BA-49A8-90B4-0EFDCA5360F7}"
	ProjectSection(ProjectDependencies) = postProject
		{57369729-6B61-4DCD-9289-79E0E2A168E8} = {57369729-6B61-4DCD-9289-79E0E2A168E8}
	EndProjectSection
EndProject
Project("{D21EA206-7BBC-4F5B-8518-A798E56EE0FC}") = "input", "input.vcproj", "{8F2803B3-0728-47DB-A5AA-8D797D763E88}"
	ProjectSection(ProjectDependencies) = postProject
		{57369729-6B61-4DCD-9289-79E0E2A168E8} = {57369729-6B61-4DCD-9289-79E0E2A168E8}
	EndProjectSection
EndProject
Project("{D21EA206-7BBC-4F5B-8518-A798E56EE0FC}") = "input_choice", "input_choice.vcproj", "{AEEAA248-8FE2-4687-830B-610FE75C3CC0}"
	ProjectSection(ProjectDependencies) = postProject
		{57369729-6B61-4DCD-9289-79E0E2A168E8} = {57369729-6B61-4DCD-9289-79E0E2A168E8}
	EndProjectSection
EndProject
Project("{D21EA206-7BBC-4F5B-8518-A798E56EE0FC}") = "keyboard", "keyboard.vcproj", "{E6C2D3FF-4100-49D2-9014-56114A9E8608}"
	ProjectSection(ProjectDependencies) = postProject
		{57369729-6B61-4DCD-9289-79E0E2A168E8} = {57369729-6B61-4DCD-9289-79E0E2A168E8}
		{1B69337F-FA83-41F1-86AC-9C3E5EDDF7CD} = {1B69337F-FA83-41F1-86AC-9C3E5EDDF7CD}
	EndProjectSection
EndProject
Project("{D21EA206-7BBC-4F5B-8518-A798E56EE0FC}") = "label", "label.vcproj", "{D2DBBCD9-40D2-4A49-BDAF-346120D2DB8E}"
	ProjectSection(ProjectDependencies) = postProject
		{57369729-6B61-4DCD-9289-79E0E2A168E8} = {57369729-6B61-4DCD-9289-79E0E2A168E8}
	EndProjectSection
EndProject
Project("{D21EA206-7BBC-4F5B-8518-A798E56EE0FC}") = "line_style", "line_style.vcproj", "{E8CE65CA-3B20-4A38-A0D8-3DF575ADE66E}"
	ProjectSection(ProjectDependencies) = postProject
		{57369729-6B61-4DCD-9289-79E0E2A168E8} = {57369729-6B61-4DCD-9289-79E0E2A168E8}
	EndProjectSection
EndProject
Project("{D21EA206-7BBC-4F5B-8518-A798E56EE0FC}") = "list_visuals", "list_visuals.vcproj", "{C1AEABBA-E0F6-4B82-B709-0A44BAADEF59}"
	ProjectSection(ProjectDependencies) = postProject
		{57369729-6B61-4DCD-9289-79E0E2A168E8} = {57369729-6B61-4DCD-9289-79E0E2A168E8}
	EndProjectSection
EndProject
Project("{D21EA206-7BBC-4F5B-8518-A798E56EE0FC}") = "mandelbrot", "mandelbrot.vcproj", "{599F1D54-64F1-4333-B886-7D63E2D6D086}"
	ProjectSection(ProjectDependencies) = postProject
		{57369729-6B61-4DCD-9289-79E0E2A168E8} = {57369729-6B61-4DCD-9289-79E0E2A168E8}
		{1B69337F-FA83-41F1-86AC-9C3E5EDDF7CD} = {1B69337F-FA83-41F1-86AC-9C3E5EDDF7CD}
	EndProjectSection
EndProject
Project("{D21EA206-7BBC-4F5B-8518-A798E56EE0FC}") = "menubar", "menubar.vcproj", "{7897431E-6BC4-4A96-9A41-CFF1D0D02241}"
	ProjectSection(ProjectDependencies) = postProject
		{57369729-6B61-4DCD-9289-79E0E2A168E8} = {57369729-6B61-4DCD-9289-79E0E2A168E8}
	EndProjectSection
EndProject
Project("{D21EA206-7BBC-4F5B-8518-A798E56EE0FC}") = "message", "message.vcproj", "{E8472464-AD36-4AFD-9248-1B5D4A680FB6}"
	ProjectSection(ProjectDependencies) = postProject
		{57369729-6B61-4DCD-9289-79E0E2A168E8} = {57369729-6B61-4DCD-9289-79E0E2A168E8}
	EndProjectSection
EndProject
Project("{D21EA206-7BBC-4F5B-8518-A798E56EE0FC}") = "minimum", "minimum.vcproj", "{9ECC6E13-4B94-4B31-BDE5-B8E7F9612027}"
	ProjectSection(ProjectDependencies) = postProject
		{57369729-6B61-4DCD-9289-79E0E2A168E8} = {57369729-6B61-4DCD-9289-79E0E2A168E8}
	EndProjectSection
EndProject
Project("{D21EA206-7BBC-4F5B-8518-A798E56EE0FC}") = "navigation", "navigation.vcproj", "{7EBAD616-7AC5-46E0-B203-3F92D8110D9E}"
	ProjectSection(ProjectDependencies) = postProject
		{57369729-6B61-4DCD-9289-79E0E2A168E8} = {57369729-6B61-4DCD-9289-79E0E2A168E8}
	EndProjectSection
EndProject
Project("{D21EA206-7BBC-4F5B-8518-A798E56EE0FC}") = "native-filechooser", "native-filechooser.vcproj", "{B0B9FC83-4878-4BBB-A9AE-F0BF6CB51BE7}"
	ProjectSection(ProjectDependencies) = postProject
		{9BDDFD0A-6B25-4532-8AAF-897D526A845D} = {9BDDFD0A-6B25-4532-8AAF-897D526A845D}
		{57369729-6B61-4DCD-9289-79E0E2A168E8} = {57369729-6B61-4DCD-9289-79E0E2A168E8}
		{AF7CC2D4-BBC7-4995-B18D-6A590C267527} = {AF7CC2D4-BBC7-4995-B18D-6A590C267527}
		{417DB0F9-647A-4A36-ADFF-4196F7C1963D} = {417DB0F9-647A-4A36-ADFF-4196F7C1963D}
		{2F487ADB-AB3A-44B1-A824-D25C00A2D30A} = {2F487ADB-AB3A-44B1-A824-D25C00A2D30A}
	EndProjectSection
EndProject
Project("{D21EA206-7BBC-4F5B-8518-A798E56EE0FC}") = "output", "output.vcproj", "{9774BE9A-32B5-408D-A963-EE1ABEA49873}"
	ProjectSection(ProjectDependencies) = postProject
		{57369729-6B61-4DCD-9289-79E0E2A168E8} = {57369729-6B61-4DCD-9289-79E0E2A168E8}
	EndProjectSection
EndProject
Project("{D21EA206-7BBC-4F5B-8518-A798E56EE0FC}") = "overlay", "overlay.vcproj", "{54BF5BBA-37B9-4D9B-96B7-6AB8327854D6}"
	ProjectSection(ProjectDependencies) = postProject
		{57369729-6B61-4DCD-9289-79E0E2A168E8} = {57369729-6B61-4DCD-9289-79E0E2A168E8}
	EndProjectSection
EndProject
Project("{D21EA206-7BBC-4F5B-8518-A798E56EE0FC}") = "pack", "pack.vcproj", "{0FA1976B-7BFC-4390-9722-557D459F76F4}"
	ProjectSection(ProjectDependencies) = postProject
		{57369729-6B61-4DCD-9289-79E0E2A168E8} = {57369729-6B61-4DCD-9289-79E0E2A168E8}
	EndProjectSection
EndProject
Project("{D21EA206-7BBC-4F5B-8518-A798E56EE0FC}") = "pixmap_browser", "pixmap_browser.vcproj", "{FA1ECD8C-428B-48D9-8447-FA9660B06689}"
	ProjectSection(ProjectDependencies) = postProject
		{57369729-6B61-4DCD-9289-79E0E2A168E8} = {57369729-6B61-4DCD-9289-79E0E2A168E8}
		{9BDDFD0A-6B25-4532-8AAF-897D526A845D} = {9BDDFD0A-6B25-4532-8AAF-897D526A845D}
		{AF7CC2D4-BBC7-4995-B18D-6A590C267527} = {AF7CC2D4-BBC7-4995-B18D-6A590C267527}
		{417DB0F9-647A-4A36-ADFF-4196F7C1963D} = {417DB0F9-647A-4A36-ADFF-4196F7C1963D}
		{2F487ADB-AB3A-44B1-A824-D25C00A2D30A} = {2F487ADB-AB3A-44B1-A824-D25C00A2D30A}
	EndProjectSection
EndProject
Project("{D21EA206-7BBC-4F5B-8518-A798E56EE0FC}") = "pixmap", "pixmap.vcproj", "{372AFBC9-416B-4FC1-8163-D8F8F8B49755}"
	ProjectSection(ProjectDependencies) = postProject
		{57369729-6B61-4DCD-9289-79E0E2A168E8} = {57369729-6B61-4DCD-9289-79E0E2A168E8}
	EndProjectSection
EndProject
Project("{D21EA206-7BBC-4F5B-8518-A798E56EE0FC}") = "preferences", "preferences.vcproj", "{C98C9341-8A2C-4F0F-8594-927F49C8A490}"
	ProjectSection(ProjectDependencies) = postProject
		{57369729-6B61-4DCD-9289-79E0E2A168E8} = {57369729-6B61-4DCD-9289-79E0E2A168E8}
		{1B69337F-FA83-41F1-86AC-9C3E5EDDF7CD} = {1B69337F-FA83-41F1-86AC-9C3E5EDDF7CD}
	EndProjectSection
EndProject
Project("{D21EA206-7BBC-4F5B-8518-A798E56EE0FC}") = "radio", "radio.vcproj", "{D427BAFD-8A53-4942-9E5D-9C4228D0D5AC}"
	ProjectSection(ProjectDependencies) = postProject
		{57369729-6B61-4DCD-9289-79E0E2A168E8} = {57369729-6B61-4DCD-9289-79E0E2A168E8}
		{1B69337F-FA83-41F1-86AC-9C3E5EDDF7CD} = {1B69337F-FA83-41F1-86AC-9C3E5EDDF7CD}
	EndProjectSection
EndProject
Project("{D21EA206-7BBC-4F5B-8518-A798E56EE0FC}") = "resizebox", "resizebox.vcproj", "{5B78E5E4-C866-4123-84B4-1417C268AACA}"
	ProjectSection(ProjectDependencies) = postProject
		{57369729-6B61-4DCD-9289-79E0E2A168E8} = {57369729-6B61-4DCD-9289-79E0E2A168E8}
	EndProjectSection
EndProject
Project("{D21EA206-7BBC-4F5B-8518-A798E56EE0FC}") = "resize", "resize.vcproj", "{EE8DC2A1-8622-43AA-A6D9-DF30FEBB53FC}"
	ProjectSection(ProjectDependencies) = postProject
		{57369729-6B61-4DCD-9289-79E0E2A168E8} = {57369729-6B61-4DCD-9289-79E0E2A168E8}
		{1B69337F-FA83-41F1-86AC-9C3E5EDDF7CD} = {1B69337F-FA83-41F1-86AC-9C3E5EDDF7CD}
	EndProjectSection
EndProject
Project("{D21EA206-7BBC-4F5B-8518-A798E56EE0FC}") = "rotated_text", "rotated_text.vcproj", "{6316C4EC-B982-4BA9-8FB3-94C94F06C73C}"
	ProjectSection(ProjectDependencies) = postProject
		{57369729-6B61-4DCD-9289-79E0E2A168E8} = {57369729-6B61-4DCD-9289-79E0E2A168E8}
	EndProjectSection
EndProject
Project("{D21EA206-7BBC-4F5B-8518-A798E56EE0FC}") = "scroll", "scroll.vcproj", "{8E4ACC7F-5626-4021-AB24-0C89FE8FCF2F}"
	ProjectSection(ProjectDependencies) = postProject
		{57369729-6B61-4DCD-9289-79E0E2A168E8} = {57369729-6B61-4DCD-9289-79E0E2A168E8}
	EndProjectSection
EndProject
Project("{D21EA206-7BBC-4F5B-8518-A798E56EE0FC}") = "shape", "shape.vcproj", "{663A34A5-965A-4A55-B814-2A638CADD202}"
	ProjectSection(ProjectDependencies) = postProject
		{57369729-6B61-4DCD-9289-79E0E2A168E8} = {57369729-6B61-4DCD-9289-79E0E2A168E8}
		{F0B23DD8-B4C3-4DB7-A879-3250CFAC686B} = {F0B23DD8-B4C3-4DB7-A879-3250CFAC686B}
	EndProjectSection
EndProject
Project("{D21EA206-7BBC-4F5B-8518-A798E56EE0FC}") = "subwindow", "subwindow.vcproj", "{52F041EB-3418-4A2E-B559-B6EA18CB4EA2}"
	ProjectSection(ProjectDependencies) = postProject
		{57369729-6B61-4DCD-9289-79E0E2A168E8} = {57369729-6B61-4DCD-9289-79E0E2A168E8}
	EndProjectSection
EndProject
Project("{D21EA206-7BBC-4F5B-8518-A798E56EE0FC}") = "sudoku", "sudoku.vcproj", "{29D907BD-7A6D-42D5-BDDE-6DEC41766F63}"
	ProjectSection(ProjectDependencies) = postProject
		{9BDDFD0A-6B25-4532-8AAF-897D526A845D} = {9BDDFD0A-6B25-4532-8AAF-897D526A845D}
		{57369729-6B61-4DCD-9289-79E0E2A168E8} = {57369729-6B61-4DCD-9289-79E0E2A168E8}
		{AF7CC2D4-BBC7-4995-B18D-6A590C267527} = {AF7CC2D4-BBC7-4995-B18D-6A590C267527}
		{417DB0F9-647A-4A36-ADFF-4196F7C1963D} = {417DB0F9-647A-4A36-ADFF-4196F7C1963D}
		{2F487ADB-AB3A-44B1-A824-D25C00A2D30A} = {2F487ADB-AB3A-44B1-A824-D25C00A2D30A}
	EndProjectSection
EndProject
Project("{D21EA206-7BBC-4F5B-8518-A798E56EE0FC}") = "symbols", "symbols.vcproj", "{CFC4D5B5-B13B-44E0-80C5-A9A8BE8DC9C6}"
	ProjectSection(ProjectDependencies) = postProject
		{57369729-6B61-4DCD-9289-79E0E2A168E8} = {57369729-6B61-4DCD-9289-79E0E2A168E8}
	EndProjectSection
EndProject
Project("{D21EA206-7BBC-4F5B-8518-A798E56EE0FC}") = "table", "table.vcproj", "{8DCB8363-A8A3-402B-A9E2-82B0BCFD5992}"
	ProjectSection(ProjectDependencies) = postProject
		{57369729-6B61-4DCD-9289-79E0E2A168E8} = {57369729-6B61-4DCD-9289-79E0E2A168E8}
	EndProjectSection
EndProject
Project("{D21EA206-7BBC-4F5B-8518-A798E56EE0FC}") = "tabs", "tabs.vcproj", "{2AED0659-9176-4597-B6E8-514211C67F2E}"
	ProjectSection(ProjectDependencies) = postProject
		{57369729-6B61-4DCD-9289-79E0E2A168E8} = {57369729-6B61-4DCD-9289-79E0E2A168E8}
		{1B69337F-FA83-41F1-86AC-9C3E5EDDF7CD} = {1B69337F-FA83-41F1-86AC-9C3E5EDDF7CD}
	EndProjectSection
EndProject
Project("{D21EA206-7BBC-4F5B-8518-A798E56EE0FC}") = "threads", "threads.vcproj", "{CF27B5AE-563D-4696-B736-8AA9E4029544}"
	ProjectSection(ProjectDependencies) = postProject
		{57369729-6B61-4DCD-9289-79E0E2A168E8} = {57369729-6B61-4DCD-9289-79E0E2A168E8}
	EndProjectSection
EndProject
Project("{D21EA206-7BBC-4F5B-8518-A798E56EE0FC}") = "tile", "tile.vcproj", "{93192E86-8DB1-4DA8-94ED-CF3D8C0D9FF0}"
	ProjectSection(ProjectDependencies) = postProject
		{57369729-6B61-4DCD-9289-79E0E2A168E8} = {57369729-6B61-4DCD-9289-79E0E2A168E8}
	EndProjectSection
EndProject
Project("{D21EA206-7BBC-4F5B-8518-A798E56EE0FC}") = "tiled_image", "tiled_image.vcproj", "{CDA4E57A-3852-4DC0-83C7-96B065BDCEBC}"
	ProjectSection(ProjectDependencies) = postProject
		{57369729-6B61-4DCD-9289-79E0E2A168E8} = {57369729-6B61-4DCD-9289-79E0E2A168E8}
		{9BDDFD0A-6B25-4532-8AAF-897D526A845D} = {9BDDFD0A-6B25-4532-8AAF-897D526A845D}
		{AF7CC2D4-BBC7-4995-B18D-6A590C267527} = {AF7CC2D4-BBC7-4995-B18D-6A590C267527}
		{417DB0F9-647A-4A36-ADFF-4196F7C1963D} = {417DB0F9-647A-4A36-ADFF-4196F7C1963D}
		{2F487ADB-AB3A-44B1-A824-D25C00A2D30A} = {2F487ADB-AB3A-44B1-A824-D25C00A2D30A}
	EndProjectSection
EndProject
Project("{D21EA206-7BBC-4F5B-8518-A798E56EE0FC}") = "tree", "tree.vcproj", "{A743EA39-53F1-4B3F-9660-DE2ED763271E}"
	ProjectSection(ProjectDependencies) = postProject
		{57369729-6B61-4DCD-9289-79E0E2A168E8} = {57369729-6B61-4DCD-9289-79E0E2A168E8}
		{1B69337F-FA83-41F1-86AC-9C3E5EDDF7CD} = {1B69337F-FA83-41F1-86AC-9C3E5EDDF7CD}
	EndProjectSection
EndProject
Project("{D21EA206-7BBC-4F5B-8518-A798E56EE0FC}") = "unittests", "unittests.vcproj", "{82B53033-E5E3-4813-AFA4-B08EB3F21513}"
	ProjectSection(ProjectDependencies) = postProject
		{57369729-6B61-4DCD-9289-79E0E2A168E8} = {57369729-6B61-4DCD-9289-79E0E2A168E8}
	EndProjectSection
EndProject
Project("{D21EA206-7BBC-4F5B-8518-A798E56EE0FC}") = "utf8", "utf8.vcproj", "{1A887418-FAAA-4468-8281-7D43343D7B6C}"
	ProjectSection(ProjectDependencies) = postProject
		{57369729-6B61-4DCD-9289-79E0E2A168E8} = {57369729-6B61-4DCD-9289-79E0E2A168E8}
	EndProjectSection
EndProject
Project("{D21EA206-7BBC-4F5B-8518-A798E56EE0FC}") = "valuators", "valuators.vcproj", "{AA5D9385-F52A-488F-88C4-D880E094A779}"
	ProjectSection(ProjectDependencies) = postProject
		{57369729-6B61-4DCD-9289-79E0E2A168E8} = {57369729-6B61-4DCD-9289-79E0E2A168E8}
		{1B69337F-FA83-41F1-86AC-9C3E5EDDF7CD} = {1B69337F-FA83-41F1-86AC-9C3E5EDDF7CD}
	EndProjectSection
EndProject
Project("{D21EA206-7BBC-4F5B-8518-A798E56EE0FC}") = "arc1", "arc1.vcproj", "{8C93EB9D-9BAB-4001-A601-935C150AD1A0}"
	ProjectSection(ProjectDependencies) = postProject
		{57369729-6B61-4DCD-9289-79E0E2A168E8} = {57369729-6B61-4DCD-9289-79E0E2A168E8}
	EndProjectSection
EndProject
Project("{D21EA206-7BBC-4F5B-8518-A798E56EE0FC}") = "gl_overlay1", "gl_overlay1.vcproj", "{8C3A96B6-C7B6-4626-A9E9-4D3A1C1414B0}"
	ProjectSection(ProjectDependencies) = postProject
		{57369729-6B61-4DCD-9289-79E0E2A168E8} = {57369729-6B61-4DCD-9289-79E0E2A168E8}
		{F0B23DD8-B4C3-4DB7-A879-3250CFAC686B} = {F0B23DD8-B4C3-4DB7-A879-3250CFAC686B}
	EndProjectSection
EndProject
Project("{D21EA206-7BBC-4F5B-8518-A798E56EE0FC}") = "fractals1", "fractals1.vcproj", "{5A9DC7E7-4ACA-46F3-A75C-AB4189FA7D0D}"
	ProjectSection(ProjectDependencies) = postProject
		{F0B23DD8-B4C3-4DB7-A879-3250CFAC686B} = {F0B23DD8-B4C3-4DB7-A879-3250CFAC686B}
		{57369729-6B61-4DCD-9289-79E0E2A168E8} = {57369729-6B61-4DCD-9289-79E0E2A168E8}
	EndProjectSection
EndProject
Project("{D21EA206-7BBC-4F5B-8518-A798E56EE0FC}") = "overlay1", "overlay1.vcproj", "{4C2D6201-3BD9-4F02-9C9B-E0F0590F3909}"
	ProjectSection(ProjectDependencies) = postProject
		{57369729-6B61-4DCD-9289-79E0E2A168E8} = {57369729-6B61-4DCD-9289-79E0E2A168E8}
	EndProjectSection
EndProject
Global
	GlobalSection(SolutionConfigurationPlatforms) = preSolution
		Debug|Win32 = Debug|Win32
		Release|Win32 = Release|Win32
	EndGlobalSection
	GlobalSection(ProjectConfigurationPlatforms) = postSolution
		{1B69337F-FA83-41F1-86AC-9C3E5EDDF7CD}.Debug|Win32.ActiveCfg = Debug|Win32
		{1B69337F-FA83-41F1-86AC-9C3E5EDDF7CD}.Debug|Win32.Build.0 = Debug|Win32
		{1B69337F-FA83-41F1-86AC-9C3E5EDDF7CD}.Release|Win32.ActiveCfg = Release|Win32
		{1B69337F-FA83-41F1-86AC-9C3E5EDDF7CD}.Release|Win32.Build.0 = Release|Win32
		{57369729-6B61-4DCD-9289-79E0E2A168E8}.Debug|Win32.ActiveCfg = Debug|Win32
		{57369729-6B61-4DCD-9289-79E0E2A168E8}.Debug|Win32.Build.0 = Debug|Win32
		{57369729-6B61-4DCD-9289-79E0E2A168E8}.Release|Win32.ActiveCfg = Release|Win32
		{57369729-6B61-4DCD-9289-79E0E2A168E8}.Release|Win32.Build.0 = Release|Win32
		{F0B23DD8-B4C3-4DB7-A879-3250CFAC686B}.Debug|Win32.ActiveCfg = Debug|Win32
		{F0B23DD8-B4C3-4DB7-A879-3250CFAC686B}.Debug|Win32.Build.0 = Debug|Win32
		{F0B23DD8-B4C3-4DB7-A879-3250CFAC686B}.Release|Win32.ActiveCfg = Release|Win32
		{F0B23DD8-B4C3-4DB7-A879-3250CFAC686B}.Release|Win32.Build.0 = Release|Win32
		{9BDDFD0A-6B25-4532-8AAF-897D526A845D}.Debug|Win32.ActiveCfg = Debug|Win32
		{9BDDFD0A-6B25-4532-8AAF-897D526A845D}.Debug|Win32.Build.0 = Debug|Win32
		{9BDDFD0A-6B25-4532-8AAF-897D526A845D}.Release|Win32.ActiveCfg = Release|Win32
		{9BDDFD0A-6B25-4532-8AAF-897D526A845D}.Release|Win32.Build.0 = Release|Win32
		{AF7CC2D4-BBC7-4995-B18D-6A590C267527}.Debug|Win32.ActiveCfg = Debug|Win32
		{AF7CC2D4-BBC7-4995-B18D-6A590C267527}.Debug|Win32.Build.0 = Debug|Win32
		{AF7CC2D4-BBC7-4995-B18D-6A590C267527}.Release|Win32.ActiveCfg = Release|Win32
		{AF7CC2D4-BBC7-4995-B18D-6A590C267527}.Release|Win32.Build.0 = Release|Win32
		{417DB0F9-647A-4A36-ADFF-4196F7C1963D}.Debug|Win32.ActiveCfg = Debug|Win32
		{417DB0F9-647A-4A36-ADFF-4196F7C1963D}.Debug|Win32.Build.0 = Debug|Win32
		{417DB0F9-647A-4A36-ADFF-4196F7C1963D}.Release|Win32.ActiveCfg = Release|Win32
		{417DB0F9-647A-4A36-ADFF-4196F7C1963D}.Release|Win32.Build.0 = Release|Win32
		{2F487ADB-AB3A-44B1-A824-D25C00A2D30A}.Debug|Win32.ActiveCfg = Debug|Win32
		{2F487ADB-AB3A-44B1-A824-D25C00A2D30A}.Debug|Win32.Build.0 = Debug|Win32
		{2F487ADB-AB3A-44B1-A824-D25C00A2D30A}.Release|Win32.ActiveCfg = Release|Win32
		{2F487ADB-AB3A-44B1-A824-D25C00A2D30A}.Release|Win32.Build.0 = Release|Win32
		{AAC13E91-C3A5-4742-8D97-26F6E3019AE4}.Debug|Win32.ActiveCfg = Debug|Win32
		{AAC13E91-C3A5-4742-8D97-26F6E3019AE4}.Debug|Win32.Build.0 = Debug|Win32
		{AAC13E91-C3A5-4742-8D97-26F6E3019AE4}.Release|Win32.ActiveCfg = Release|Win32
		{AAC13E91-C3A5-4742-8D97-26F6E3019AE4}.Release|Win32.Build.0 = Release|Win32
		{001A9787-8FD8-4B62-8476-8FDAFC41D7E2}.Debug|Win32.ActiveCfg = Debug|Win32
		{001A9787-8FD8-4B62-8476-8FDAFC41D7E2}.Debug|Win32.Build.0 = Debug|Win32
		{001A9787-8FD8-4B62-8476-8FDAFC41D7E2}.Release|Win32.ActiveCfg = Release|Win32
		{001A9787-8FD8-4B62-8476-8FDAFC41D7E2}.Release|Win32.Build.0 = Release|Win32
		{8851FA01-2513-4A95-BDAD-21BA2A443E7C}.Debug|Win32.ActiveCfg = Debug|Win32
		{8851FA01-2513-4A95-BDAD-21BA2A443E7C}.Debug|Win32.Build.0 = Debug|Win32
		{8851FA01-2513-4A95-BDAD-21BA2A443E7C}.Release|Win32.ActiveCfg = Release|Win32
		{8851FA01-2513-4A95-BDAD-21BA2A443E7C}.Release|Win32.Build.0 = Release|Win32
		{98A189C1-09E0-41C2-B6A0-9AC3FA922EF0}.Debug|Win32.ActiveCfg = Debug|Win32
		{98A189C1-09E0-41C2-B6A0-9AC3FA922EF0}.Debug|Win32.Build.0 = Debug|Win32
		{98A189C1-09E0-41C2-B6A0-9AC3FA922EF0}.Release|Win32.ActiveCfg = Release|Win32
		{98A189C1-09E0-41C2-B6A0-9AC3FA922EF0}.Release|Win32.Build.0 = Release|Win32
		{BC021DFF-0572-486A-B41C-F402FFCA0A31}.Debug|Win32.ActiveCfg = Debug|Win32
		{BC021DFF-0572-486A-B41C-F402FFCA0A31}.Debug|Win32.Build.0 = Debug|Win32
		{BC021DFF-0572-486A-B41C-F402FFCA0A31}.Release|Win32.ActiveCfg = Release|Win32
		{BC021DFF-0572-486A-B41C-F402FFCA0A31}.Release|Win32.Build.0 = Release|Win32
		{384E7244-879F-4238-B68C-8996A32B506A}.Debug|Win32.ActiveCfg = Debug|Win32
		{384E7244-879F-4238-B68C-8996A32B506A}.Debug|Win32.Build.0 = Debug|Win32
		{384E7244-879F-4238-B68C-8996A32B506A}.Release|Win32.ActiveCfg = Release|Win32
		{384E7244-879F-4238-B68C-8996A32B506A}.Release|Win32.Build.0 = Release|Win32
		{9921B382-8FC5-4E13-B9DA-B9752CE43EDA}.Debug|Win32.ActiveCfg = Debug|Win32
		{9921B382-8FC5-4E13-B9DA-B9752CE43EDA}.Debug|Win32.Build.0 = Debug|Win32
		{9921B382-8FC5-4E13-B9DA-B9752CE43EDA}.Release|Win32.ActiveCfg = Release|Win32
		{9921B382-8FC5-4E13-B9DA-B9752CE43EDA}.Release|Win32.Build.0 = Release|Win32
		{0645AB27-5F42-4350-B4DE-BC9915103BA3}.Debug|Win32.ActiveCfg = Debug|Win32
		{0645AB27-5F42-4350-B4DE-BC9915103BA3}.Debug|Win32.Build.0 = Debug|Win32
		{0645AB27-5F42-4350-B4DE-BC9915103BA3}.Release|Win32.ActiveCfg = Release|Win32
		{0645AB27-5F42-4350-B4DE-BC9915103BA3}.Release|Win32.Build.0 = Release|Win32
		{EB201263-5D19-483F-8967-779B7A23973E}.Debug|Win32.ActiveCfg = Debug|Win32
		{EB201263-5D19-483F-8967-779B7A23973E}.Debug|Win32.Build.0 = Debug|Win32
		{EB201263-5D19-483F-8967-779B7A23973E}.Release|Win32.ActiveCfg = Release|Win32
		{EB201263-5D19-483F-8967-779B7A23973E}.Release|Win32.Build.0 = Release|Win32
		{0457B212-626D-4694-A513-B96E60EDBC39}.Debug|Win32.ActiveCfg = Debug|Win32
		{0457B212-626D-4694-A513-B96E60EDBC39}.Debug|Win32.Build.0 = Debug|Win32
		{0457B212-626D-4694-A513-B96E60EDBC39}.Release|Win32.ActiveCfg = Release|Win32
		{0457B212-626D-4694-A513-B96E60EDBC39}.Release|Win32.Build.0 = Release|Win32
		{AFA521D1-3AF4-427A-9F49-3CF7E279691F}.Debug|Win32.ActiveCfg = Debug|Win32
		{AFA521D1-3AF4-427A-9F49-3CF7E279691F}.Debug|Win32.Build.0 = Debug|Win32
		{AFA521D1-3AF4-427A-9F49-3CF7E279691F}.Release|Win32.ActiveCfg = Release|Win32
		{AFA521D1-3AF4-427A-9F49-3CF7E279691F}.Release|Win32.Build.0 = Release|Win32
		{9D51C550-7AE2-45A5-BD7E-5698A5ABD0A3}.Debug|Win32.ActiveCfg = Debug|Win32
		{9D51C550-7AE2-45A5-BD7E-5698A5ABD0A3}.Debug|Win32.Build.0 = Debug|Win32
		{9D51C550-7AE2-45A5-BD7E-5698A5ABD0A3}.Release|Win32.ActiveCfg = Release|Win32
		{9D51C550-7AE2-45A5-BD7E-5698A5ABD0A3}.Release|Win32.Build.0 = Release|Win32
		{F8E8C96D-B1BE-4CDE-A6FB-79F958A45AF2}.Debug|Win32.ActiveCfg = Debug|Win32
		{F8E8C96D-B1BE-4CDE-A6FB-79F958A45AF2}.Debug|Win32.Build.0 = Debug|Win32
		{F8E8C96D-B1BE-4CDE-A6FB-79F958A45AF2}.Release|Win32.ActiveCfg = Release|Win32
		{F8E8C96D-B1BE-4CDE-A6FB-79F958A45AF2}.Release|Win32.Build.0 = Release|Win32
		{1E1DB164-7B4A-41E7-BA03-05E163E92ABE}.Debug|Win32.ActiveCfg = Debug|Win32
		{1E1DB164-7B4A-41E7-BA03-05E163E92ABE}.Debug|Win32.Build.0 = Debug|Win32
		{1E1DB164-7B4A-41E7-BA03-05E163E92ABE}.Release|Win32.ActiveCfg = Release|Win32
		{1E1DB164-7B4A-41E7-BA03-05E163E92ABE}.Release|Win32.Build.0 = Release|Win32
		{B740BD32-2F75-4E74-9B11-63DCAE6E6418}.Debug|Win32.ActiveCfg = Debug|Win32
		{B740BD32-2F75-4E74-9B11-63DCAE6E6418}.Debug|Win32.Build.0 = Debug|Win32
		{B740BD32-2F75-4E74-9B11-63DCAE6E6418}.Release|Win32.ActiveCfg = Release|Win32
		{B740BD32-2F75-4E74-9B11-63DCAE6E6418}.Release|Win32.Build.0 = Release|Win32
		{060105B4-5FA8-46A2-B5AF-B58F0CF2958A}.Debug|Win32.ActiveCfg = Debug|Win32
		{060105B4-5FA8-46A2-B5AF-B58F0CF2958A}.Debug|Win32.Build.0 = Debug|Win32
		{060105B4-5FA8-46A2-B5AF-B58F0CF2958A}.Release|Win32.ActiveCfg = Release|Win32
		{060105B4-5FA8-46A2-B5AF-B58F0CF2958A}.Release|Win32.Build.0 = Release|Win32
		{C1F8DFB7-9C66-4138-800B-2B2B7CBE383C}.Debug|Win32.ActiveCfg = Debug|Win32
		{C1F8DFB7-9C66-4138-800B-2B2B7CBE383C}.Debug|Win32.Build.0 = Debug|Win32
		{C1F8DFB7-9C66-4138-800B-2B2B7CBE383C}.Release|Win32.ActiveCfg = Release|Win32
		{C1F8DFB7-9C66-4138-800B-2B2B7CBE383C}.Release|Win32.Build.0 = Release|Win32
		{B2C572AE-4720-4770-B451-382FCB87A34A}.Debug|Win32.ActiveCfg = Debug|Win32
		{B2C572AE-4720-4770-B451-382FCB87A34A}.Debug|Win32.Build.0 = Debug|Win32
		{B2C572AE-4720-4770-B451-382FCB87A34A}.Release|Win32.ActiveCfg = Release|Win32
		{B2C572AE-4720-4770-B451-382FCB87A34A}.Release|Win32.Build.0 = Release|Win32
		{81262FB6-1DCC-42BE-90DE-552036188129}.Debug|Win32.ActiveCfg = Debug|Win32
		{81262FB6-1DCC-42BE-90DE-552036188129}.Debug|Win32.Build.0 = Debug|Win32
		{81262FB6-1DCC-42BE-90DE-552036188129}.Release|Win32.ActiveCfg = Release|Win32
		{81262FB6-1DCC-42BE-90DE-552036188129}.Release|Win32.Build.0 = Release|Win32
		{FC0E7C5C-715B-41DF-A6C1-5C634046680B}.Debug|Win32.ActiveCfg = Debug|Win32
		{FC0E7C5C-715B-41DF-A6C1-5C634046680B}.Debug|Win32.Build.0 = Debug|Win32
		{FC0E7C5C-715B-41DF-A6C1-5C634046680B}.Release|Win32.ActiveCfg = Release|Win32
		{FC0E7C5C-715B-41DF-A6C1-5C634046680B}.Release|Win32.Build.0 = Release|Win32
		{AE6C6316-F27C-49AB-9AE7-B5B1C76E7158}.Debug|Win32.ActiveCfg = Debug|Win32
		{AE6C6316-F27C-49AB-9AE7-B5B1C76E7158}.Debug|Win32.Build.0 = Debug|Win32
		{AE6C6316-F27C-49AB-9AE7-B5B1C76E7158}.Release|Win32.ActiveCfg = Release|Win32
		{AE6C6316-F27C-49AB-9AE7-B5B1C76E7158}.Release|Win32.Build.0 = Release|Win32
		{B63B4333-146D-4878-97DF-2B288E1D6AFB}.Debug|Win32.ActiveCfg = Debug|Win32
		{B63B4333-146D-4878-97DF-2B288E1D6AFB}.Debug|Win32.Build.0 = Debug|Win32
		{B63B4333-146D-4878-97DF-2B288E1D6AFB}.Release|Win32.ActiveCfg = Release|Win32
		{B63B4333-146D-4878-97DF-2B288E1D6AFB}.Release|Win32.Build.0 = Release|Win32
		{74C90FEF-F138-4A72-B3B6-F2D2D8A114E6}.Debug|Win32.ActiveCfg = Debug|Win32
		{74C90FEF-F138-4A72-B3B6-F2D2D8A114E6}.Debug|Win32.Build.0 = Debug|Win32
		{74C90FEF-F138-4A72-B3B6-F2D2D8A114E6}.Release|Win32.ActiveCfg = Release|Win32
		{74C90FEF-F138-4A72-B3B6-F2D2D8A114E6}.Release|Win32.Build.0 = Release|Win32
		{3E7EC4B3-B8B4-4055-B9A7-A07EC88A15EC}.Debug|Win32.ActiveCfg = Debug|Win32
		{3E7EC4B3-B8B4-4055-B9A7-A07EC88A15EC}.Debug|Win32.Build.0 = Debug|Win32
		{3E7EC4B3-B8B4-4055-B9A7-A07EC88A15EC}.Release|Win32.ActiveCfg = Release|Win32
		{3E7EC4B3-B8B4-4055-B9A7-A07EC88A15EC}.Release|Win32.Build.0 = Release|Win32
		{9C217068-6B33-4F5E-974E-D795185EBF6D}.Debug|Win32.ActiveCfg = Debug|Win32
		{9C217068-6B33-4F5E-974E-D795185EBF6D}.Debug|Win32.Build.0 = Debug|Win32
		{9C217068-6B33-4F5E-974E-D795185EBF6D}.Release|Win32.ActiveCfg = Release|Win32
		{9C217068-6B33-4F5E-974E-D795185EBF6D}.Release|Win32.Build.0 = Release|Win32
		{9CFD2E83-D5C8-4789-8BBA-7F17DC9021F9}.Debug|Win32.ActiveCfg = Debug|Win32
		{9CFD2E83-D5C8-4789-8BBA-7F17DC9021F9}.Debug|Win32.Build.0 = Debug|Win32
		{9CFD2E83-D5C8-4789-8BBA-7F17DC9021F9}.Release|Win32.ActiveCfg = Release|Win32
		{9CFD2E83-D5C8-4789-8BBA-7F17DC9021F9}.Release|Win32.Build.0 = Release|Win32
		{5D723F2F-94C0-4FA7-9C05-A090B035A083}.Debug|Win32.ActiveCfg = Debug|Win32
		{5D723F2F-94C0-4FA7-9C05-A090B035A083}.Debug|Win32.Build.0 = Debug|Win32
		{5D723F2F-94C0-4FA7-9C05-A090B035A083}.Release|Win32.ActiveCfg = Release|Win32
		{5D723F2F-94C0-4FA7-9C05-A090B035A083}.Release|Win32.Build.0 = Release|Win32
		{A0506BCD-CFC0-4549-805F-170E85F570D3}.Debug|Win32.ActiveCfg = Debug|Win32
		{A0506BCD-CFC0-4549-805F-170E85F570D3}.Debug|Win32.Build.0 = Debug|Win32
		{A0506BCD-CFC0-4549-805F-170E85F570D3}.Release|Win32.ActiveCfg = Release|Win32
		{A0506BCD-CFC0-4549-805F-170E85F570D3}.Release|Win32.Build.0 = Release|Win32
		{8F0165D2-6107-49A0-BD35-B01A472A4062}.Debug|Win32.ActiveCfg = Debug|Win32
		{8F0165D2-6107-49A0-BD35-B01A472A4062}.Debug|Win32.Build.0 = Debug|Win32
		{8F0165D2-6107-49A0-BD35-B01A472A4062}.Release|Win32.ActiveCfg = Release|Win32
		{8F0165D2-6107-49A0-BD35-B01A472A4062}.Release|Win32.Build.0 = Release|Win32
		{B846C052-53B2-4B99-9930-6C440E047FD8}.Debug|Win32.ActiveCfg = Debug|Win32
		{B846C052-53B2-4B99-9930-6C440E047FD8}.Debug|Win32.Build.0 = Debug|Win32
		{B846C052-53B2-4B99-9930-6C440E047FD8}.Release|Win32.ActiveCfg = Release|Win32
		{B846C052-53B2-4B99-9930-6C440E047FD8}.Release|Win32.Build.0 = Release|Win32
		{B28DEB1D-FFE9-4801-8F54-1F2D7D96D11A}.Debug|Win32.ActiveCfg = Debug|Win32
		{B28DEB1D-FFE9-4801-8F54-1F2D7D96D11A}.Debug|Win32.Build.0 = Debug|Win32
		{B28DEB1D-FFE9-4801-8F54-1F2D7D96D11A}.Release|Win32.ActiveCfg = Release|Win32
		{B28DEB1D-FFE9-4801-8F54-1F2D7D96D11A}.Release|Win32.Build.0 = Release|Win32
		{0C0BB057-9E25-4673-95F7-06641BA79C9A}.Debug|Win32.ActiveCfg = Debug|Win32
		{0C0BB057-9E25-4673-95F7-06641BA79C9A}.Debug|Win32.Build.0 = Debug|Win32
		{0C0BB057-9E25-4673-95F7-06641BA79C9A}.Release|Win32.ActiveCfg = Release|Win32
		{0C0BB057-9E25-4673-95F7-06641BA79C9A}.Release|Win32.Build.0 = Release|Win32
		{0FC89FEC-16BA-49A8-90B4-0EFDCA5360F7}.Debug|Win32.ActiveCfg = Debug|Win32
		{0FC89FEC-16BA-49A8-90B4-0EFDCA5360F7}.Debug|Win32.Build.0 = Debug|Win32
		{0FC89FEC-16BA-49A8-90B4-0EFDCA5360F7}.Release|Win32.ActiveCfg = Release|Win32
		{0FC89FEC-16BA-49A8-90B4-0EFDCA5360F7}.Release|Win32.Build.0 = Release|Win32
		{8F2803B3-0728-47DB-A5AA-8D797D763E88}.Debug|Win32.ActiveCfg = Debug|Win32
		{8F2803B3-0728-47DB-A5AA-8D797D763E88}.Debug|Win32.Build.0 = Debug|Win32
		{8F2803B3-0728-47DB-A5AA-8D797D763E88}.Release|Win32.ActiveCfg = Release|Win32
		{8F2803B3-0728-47DB-A5AA-8D797D763E88}.Release|Win32.Build.0 = Release|Win32
		{AEEAA248-8FE2-4687-830B-610FE75C3CC0}.Debug|Win32.ActiveCfg = Debug|Win32
		{AEEAA248-8FE2-4687-830B-610FE75C3CC0}.Debug|Win32.Build.0 = Debug|Win32
		{AEEAA248-8FE2-4687-830B-610FE75C3CC0}.Release|Win32.ActiveCfg = Release|Win32
		{AEEAA248-8FE2-4687-830B-610FE75C3CC0}.Release|Win32.Build.0 = Release|Win32
		{E6C2D3FF-4100-49D2-9014-56114A9E8608}.Debug|Win32.ActiveCfg = Debug|Win32
		{E6C2D3FF-4100-49D2-9014-56114A9E8608}.Debug|Win32.Build.0 = Debug|Win32
		{E6C2D3FF-4100-49D2-9014-56114A9E8608}.Release|Win32.ActiveCfg = Release|Win32
		{E6C2D3FF-4100-49D2-9014-56114A9E8608}.Release|Win32.Build.0 = Release|Win32
		{D2DBBCD9-40D2-4A49-BDAF-346120D2DB8E}.Debug|Win32.ActiveCfg = Debug|Win32
		{D2DBBCD9-40D2-4A49-BDAF-346120D2DB8E}.Debug|Win32.Build.0 = Debug|Win32
		{D2DBBCD9-40D2-4A49-BDAF-346120D2DB8E}.Release|Win32.ActiveCfg = Release|Win32
		{D2DBBCD9-40D2-4A49-BDAF-346120D2DB8E}.Release|Win32.Build.0 = Release|Win32
		{E8CE65CA-3B20-4A38-A0D8-3DF575ADE66E}.Debug|Win32.ActiveCfg = Debug|Win32
		{E8CE65CA-3B20-4A38-A0D8-3DF575ADE66E}.Debug|Win32.Build.0 = Debug|Win32
		{E8CE65CA-3B20-4A38-A0D8-3DF575ADE66E}.Release|Win32.ActiveCfg = Release|Win32
		{E8CE65CA-3B20-4A38-A0D8-3DF575ADE66E}.Release|Win32.Build.0 = Release|Win32
		{C1AEABBA-E0F6-4B82-B709-0A44BAADEF59}.Debug|Win32.ActiveCfg = Debug|Win32
		{C1AEABBA-E0F6-4B82-B709-0A44BAADEF59}.Debug|Win32.Build.0 = Debug|Win32
		{C1AEABBA-E0F6-4B82-B709-0A44BAADEF59}.Release|Win32.ActiveCfg = Release|Win32
		{C1AEABBA-E0F6-4B82-B709-0A44BAADEF59}.Release|Win32.Build.0 = Release|Win32
		{599F1D54-64F1-4333-B886-7D63E2D6D086}.Debug|Win32.ActiveCfg = Debug|Win32
		{599F1D54-64F1-4333-B886-7D63E2D6D086}.Debug|Win32.Build.0 = Debug|Win32
		{599F1D54-64F1-4333-B886-7D63E2D6D086}.Release|Win32.ActiveCfg = Release|Win32
		{599F1D54-64F1-4333-B886-7D63E2D6D086}.Release|Win32.Build.0 = Release|Win32
		{7897431E-6BC4-4A96-9A41-CFF1D0D02241}.Debug|Win32.ActiveCfg = Debug|Win32
		{7897431E-6BC4-4A96-9A41-CFF1D0D02241}.Debug|Win32.Build.0 = Debug|Win32
		{7897431E-6BC4-4A96-9A41-CFF1D0D02241}.Release|Win32.ActiveCfg = Release|Win32
		{7897431E-6BC4-4A96-9A41-CFF1D0D02241}.Release|Win32.Build.0 = Release|Win32
		{E8472464-AD36-4AFD-9248-1B5D4A680FB6}.Debug|Win32.ActiveCfg = Debug|Win32
		{E8472464-AD36-4AFD-9248-1B5D4A680FB6}.Debug|Win32.Build.0 = Debug|Win32
		{E8472464-AD36-4AFD-9248-1B5D4A680FB6}.Release|Win32.ActiveCfg = Release|Win32
		{E8472464-AD36-4AFD-9248-1B5D4A680FB6}.Release|Win32.Build.0 = Release|Win32
		{9ECC6E13-4B94-4B31-BDE5-B8E7F9612027}.Debug|Win32.ActiveCfg = Debug|Win32
		{9ECC6E13-4B94-4B31-BDE5-B8E7F9612027}.Debug|Win32.Build.0 = Debug|Win32
		{9ECC6E13-4B94-4B31-BDE5-B8E7F9612027}.Release|Win32.ActiveCfg = Release|Win32
		{9ECC6E13-4B94-4B31-BDE5-B8E7F9612027}.Release|Win32.Build.0 = Release|Win32
		{7EBAD616-7AC5-46E0-B203-3F92D8110D9E}.Debug|Win32.ActiveCfg = Debug|Win32
		{7EBAD616-7AC5-46E0-B203-3F92D8110D9E}.Debug|Win32.Build.0 = Debug|Win32
		{7EBAD616-7AC5-46E0-B203-3F92D8110D9E}.Release|Win32.ActiveCfg = Release|Win32
		{7EBAD616-7AC5-46E0-B203-3F92D8110D9E}.Release|Win32.Build.0 = Release|Win32
		{B0B9FC83-4878-4BBB-A9AE-F0BF6CB51BE7}.Debug|Win32.ActiveCfg = Debug|Win32
		{B0B9FC83-4878-4BBB-A9AE-F0BF6CB51BE7}.Debug|Win32.Build.0 = Debug|Win32
		{B0B9FC83-4878-4BBB-A9AE-F0BF6CB51BE7}.Release|Win32.ActiveCfg = Release|Win32
		{B0B9FC83-4878-4BBB-A9AE-F0BF6CB51BE7}.Release|Win32.Build.0 = Release|Win32
		{9774BE9A-32B5-408D-A963-EE1ABEA49873}.Debug|Win32.ActiveCfg = Debug|Win32
		{9774BE9A-32B5-408D-A963-EE1ABEA49873}.Debug|Win32.Build.0 = Debug|Win32
		{9774BE9A-32B5-408D-A963-EE1ABEA49873}.Release|Win32.ActiveCfg = Release|Win32
		{9774BE9A-32B5-408D-A963-EE1ABEA49873}.Release|Win32.Build.0 = Release|Win32
		{54BF5BBA-37B9-4D9B-96B7-6AB8327854D6}.Debug|Win32.ActiveCfg = Debug|Win32
		{54BF5BBA-37B9-4D9B-96B7-6AB8327854D6}.Debug|Win32.Build.0 = Debug|Win32
		{54BF5BBA-37B9-4D9B-96B7-6AB8327854D6}.Release|Win32.ActiveCfg = Release|Win32
		{54BF5BBA-37B9-4D9B-96B7-6AB8327854D6}.Release|Win32.Build.0 = Release|Win32
		{0FA1976B-7BFC-4390-9722-557D459F76F4}.Debug|Win32.ActiveCfg = Debug|Win32
		{0FA1976B-7BFC-4390-9722-557D459F76F4}.Debug|Win32.Build.0 = Debug|Win32
		{0FA1976B-7BFC-4390-9722-557D459F76F4}.Release|Win32.ActiveCfg = Release|Win32
		{0FA1976B-7BFC-4390-9722-557D459F76F4}.Release|Win32.Build.0 = Release|Win32
		{FA1ECD8C-428B-48D9-8447-FA9660B06689}.Debug|Win32.ActiveCfg = Debug|Win32
		{FA1ECD8C-428B-48D9-8447-FA9660B06689}.Debug|Win32.Build.0 = Debug|Win32
		{FA1ECD8C-428B-48D9-8447-FA9660B06689}.Release|Win32.ActiveCfg = Release|Win32
		{FA1ECD8C-428B-48D9-8447-FA9660B06689}.Release|Win32.Build.0 = Release|Win32
		{372AFBC9-416B-4FC1-8163-D8F8F8B49755}.Debug|Win32.ActiveCfg = Debug|Win32
		{372AFBC9-416B-4FC1-8163-D8F8F8B49755}.Debug|Win32.Build.0 = Debug|Win32
		{372AFBC9-416B-4FC1-8163-D8F8F8B49755}.Release|Win32.ActiveCfg = Release|Win32
		{372AFBC9-416B-4FC1-8163-D8F8F8B49755}.Release|Win32.Build.0 = Release|Win32
		{C98C9341-8A2C-4F0F-8594-927F49C8A490}.Debug|Win32.ActiveCfg = Debug|Win32
		{C98C9341-8A2C-4F0F-8594-927F49C8A490}.Debug|Win32.Build.0 = Debug|Win32
		{C98C9341-8A2C-4F0F-8594-927F49C8A490}.Release|Win32.ActiveCfg = Release|Win32
		{C98C9341-8A2C-4F0F-8594-927F49C8A490}.Release|Win32.Build.0 = Release|Win32
		{D427BAFD-8A53-4942-9E5D-9C4228D0D5AC}.Debug|Win32.ActiveCfg = Debug|Win32
		{D427BAFD-8A53-4942-9E5D-9C4228D0D5AC}.Debug|Win32.Build.0 = Debug|Win32
		{D427BAFD-8A53-4942-9E5D-9C4228D0D5AC}.Release|Win32.ActiveCfg = Release|Win32
		{D427BAFD-8A53-4942-9E5D-9C4228D0D5AC}.Release|Win32.Build.0 = Release|Win32
		{5B78E5E4-C866-4123-84B4-1417C268AACA}.Debug|Win32.ActiveCfg = Debug|Win32
		{5B78E5E4-C866-4123-84B4-1417C268AACA}.Debug|Win32.Build.0 = Debug|Win32
		{5B78E5E4-C866-4123-84B4-1417C268AACA}.Release|Win32.ActiveCfg = Release|Win32
		{5B78E5E4-C866-4123-84B4-1417C268AACA}.Release|Win32.Build.0 = Release|Win32
		{EE8DC2A1-8622-43AA-A6D9-DF30FEBB53FC}.Debug|Win32.ActiveCfg = Debug|Win32
		{EE8DC2A1-8622-43AA-A6D9-DF30FEBB53FC}.Debug|Win32.Build.0 = Debug|Win32
		{EE8DC2A1-8622-43AA-A6D9-DF30FEBB53FC}.Release|Win32.ActiveCfg = Release|Win32
		{EE8DC2A1-8622-43AA-A6D9-DF30FEBB53FC}.Release|Win32.Build.0 = Release|Win32
		{6316C4EC-B982-4BA9-8FB3-94C94F06C73C}.Debug|Win32.ActiveCfg = Debug|Win32
		{6316C4EC-B982-4BA9-8FB3-94C94F06C73C}.Debug|Win32.Build.0 = Debug|Win32
		{6316C4EC-B982-4BA9-8FB3-94C94F06C73C}.Release|Win32.ActiveCfg = Release|Win32
		{6316C4EC-B982-4BA9-8FB3-94C94F06C73C}.Release|Win32.Build.0 = Release|Win32
		{8E4ACC7F-5626-4021-AB24-0C89FE8FCF2F}.Debug|Win32.ActiveCfg = Debug|Win32
		{8E4ACC7F-5626-4021-AB24-0C89FE8FCF2F}.Debug|Win32.Build.0 = Debug|Win32
		{8E4ACC7F-5626-4021-AB24-0C89FE8FCF2F}.Release|Win32.ActiveCfg = Release|Win32
		{8E4ACC7F-5626-4021-AB24-0C89FE8FCF2F}.Release|Win32.Build.0 = Release|Win32
		{663A34A5-965A-4A55-B814-2A638CADD202}.Debug|Win32.ActiveCfg = Debug|Win32
		{663A34A5-965A-4A55-B814-2A638CADD202}.Debug|Win32.Build.0 = Debug|Win32
		{663A34A5-965A-4A55-B814-2A638CADD202}.Release|Win32.ActiveCfg = Release|Win32
		{663A34A5-965A-4A55-B814-2A638CADD202}.Release|Win32.Build.0 = Release|Win32
		{52F041EB-3418-4A2E-B559-B6EA18CB4EA2}.Debug|Win32.ActiveCfg = Debug|Win32
		{52F041EB-3418-4A2E-B559-B6EA18CB4EA2}.Debug|Win32.Build.0 = Debug|Win32
		{52F041EB-3418-4A2E-B559-B6EA18CB4EA2}.Release|Win32.ActiveCfg = Release|Win32
		{52F041EB-3418-4A2E-B559-B6EA18CB4EA2}.Release|Win32.Build.0 = Release|Win32
		{29D907BD-7A6D-42D5-BDDE-6DEC41766F63}.Debug|Win32.ActiveCfg = Debug|Win32
		{29D907BD-7A6D-42D5-BDDE-6DEC41766F63}.Debug|Win32.Build.0 = Debug|Win32
		{29D907BD-7A6D-42D5-BDDE-6DEC41766F63}.Release|Win32.ActiveCfg = Release|Win32
		{29D907BD-7A6D-42D5-BDDE-6DEC41766F63}.Release|Win32.Build.0 = Release|Win32
		{CFC4D5B5-B13B-44E0-80C5-A9A8BE8DC9C6}.Debug|Win32.ActiveCfg = Debug|Win32
		{CFC4D5B5-B13B-44E0-80C5-A9A8BE8DC9C6}.Debug|Win32.Build.0 = Debug|Win32
		{CFC4D5B5-B13B-44E0-80C5-A9A8BE8DC9C6}.Release|Win32.ActiveCfg = Release|Win32
		{CFC4D5B5-B13B-44E0-80C5-A9A8BE8DC9C6}.Release|Win32.Build.0 = Release|Win32
		{8DCB8363-A8A3-402B-A9E2-82B0BCFD5992}.Debug|Win32.ActiveCfg = Debug|Win32
		{8DCB8363-A8A3-402B-A9E2-82B0BCFD5992}.Debug|Win32.Build.0 = Debug|Win32
		{8DCB8363-A8A3-402B-A9E2-82B0BCFD5992}.Release|Win32.ActiveCfg = Release|Win32
		{8DCB8363-A8A3-402B-A9E2-82B0BCFD5992}.Release|Win32.Build.0 = Release|Win32
		{2AED0659-9176-4597-B6E8-514211C67F2E}.Debug|Win32.ActiveCfg = Debug|Win32
		{2AED0659-9176-4597-B6E8-514211C67F2E}.Debug|Win32.Build.0 = Debug|Win32
		{2AED0659-9176-4597-B6E8-514211C67F2E}.Release|Win32.ActiveCfg = Release|Win32
		{2AED0659-9176-4597-B6E8-514211C67F2E}.Release|Win32.Build.0 = Release|Win32
		{CF27B5AE-563D-4696-B736-8AA9E4029544}.Debug|Win32.ActiveCfg = Debug|Win32
		{CF27B5AE-563D-4696-B736-8AA9E4029544}.Debug|Win32.Build.0 = Debug|Win32
		{CF27B5AE-563D-4696-B736-8AA9E4029544}.Release|Win32.ActiveCfg = Release|Win32
		{CF27B5AE-563D-4696-B736-8AA9E4029544}.Release|Win32.Build.0 = Release|Win32
		{93192E86-8DB1-4DA8-94ED-CF3D8C0D9FF0}.Debug|Win32.ActiveCfg = Debug|Win32
		{93192E86-8DB1-4DA8-94ED-CF3D8C0D9FF0}.Debug|Win32.Build.0 = Debug|Win32
		{93192E86-8DB1-4DA8-94ED-CF3D8C0D9FF0}.Release|Win32.ActiveCfg = Release|Win32
		{93192E86-8DB1-4DA8-94ED-CF3D8C0D9FF0}.Release|Win32.Build.0 = Release|Win32
		{CDA4E57A-3852-4DC0-83C7-96B065BDCEBC}.Debug|Win32.ActiveCfg = Debug|Win32
		{CDA4E57A-3852-4DC0-83C7-96B065BDCEBC}.Debug|Win32.Build.0 = Debug|Win32
		{CDA4E57A-3852-4DC0-83C7-96B065BDCEBC}.Release|Win32.ActiveCfg = Release|Win32
		{CDA4E57A-3852-4DC0-83C7-96B065BDCEBC}.Release|Win32.Build.0 = Release|Win32
		{A743EA39-53F1-4B3F-9660-DE2ED763271E}.Debug|Win32.ActiveCfg = Debug|Win32
		{A743EA39-53F1-4B3F-9660-DE2ED763271E}.Debug|Win32.Build.0 = Debug|Win32
		{A743EA39-53F1-4B3F-9660-DE2ED763271E}.Release|Win32.ActiveCfg = Release|Win32
		{A743EA39-53F1-4B3F-9660-DE2ED763271E}.Release|Win32.Build.0 = Release|Win32
		{82B53033-E5E3-4813-AFA4-B08EB3F21513}.Debug|Win32.ActiveCfg = Debug|Win32
		{82B53033-E5E3-4813-AFA4-B08EB3F21513}.Debug|Win32.Build.0 = Debug|Win32
		{82B53033-E5E3-4813-AFA4-B08EB3F21513}.Release|Win32.ActiveCfg = Release|Win32
		{82B53033-E5E3-4813-AFA4-B08EB3F21513}.Release|Win32.Build.0 = Release|Win32
		{1A887418-FAAA-4468-8281-7D43343D7B6C}.Debug|Win32.ActiveCfg = Debug|Win32
		{1A887418-FAAA-4468-8281-7D43343D7B6C}.Debug|Win32.Build.0 = Debug|Win32
		{1A887418-FAAA-4468-8281-7D43343D7B6C}.Release|Win32.ActiveCfg = Release|Win32
		{1A887418-FAAA-4468-8281-7D43343D7B6C}.Release|Win32.Build.0 = Release|Win32
		{AA5D9385-F52A-488F-88C4-D880E094A779}.Debug|Win32.ActiveCfg = Debug|Win32
		{AA5D9385-F52A-488F-88C4-D880E094A779}.Debug|Win32.Build.0 = Debug|Win32
		{AA5D9385-F52A-488F-88C4-D880E094A779}.Release|Win32.ActiveCfg = Release|Win32
		{AA5D9385-F52A-488F-88C4-D880E094A779}.Release|Win32.Build.0 = Release|Win32
		{8C93EB9D-9BAB-4001-A601-935C150AD1A0}.Debug|Win32.ActiveCfg = Debug|Win32
		{8C93EB9D-9BAB-4001-A601-935C150AD1A0}.Debug|Win32.Build.0 = Debug|Win32
		{8C93EB9D-9BAB-4001-A601-935C150AD1A0}.Release|Win32.ActiveCfg = Release|Win32
		{8C93EB9D-9BAB-4001-A601-935C150AD1A0}.Release|Win32.Build.0 = Release|Win32
		{8C3A96B6-C7B6-4626-A9E9-4D3A1C1414B0}.Debug|Win32.ActiveCfg = Debug|Win32
		{8C3A96B6-C7B6-4626-A9E9-4D3A1C1414B0}.Debug|Win32.Build.0 = Debug|Win32
		{8C3A96B6-C7B6-4626-A9E9-4D3A1C1414B0}.Release|Win32.ActiveCfg = Release|Win32
		{8C3A96B6-C7B6-4626-A9E9-4D3A1C1414B0}.Release|Win32.Build.0 = Release|Win32
		{5A9DC7E7-4ACA-46F3-A75C-AB4189FA7D0D}.Debug|Win32.ActiveCfg = Debug|Win32
		{5A9DC7E7-4ACA-46F3-A75C-AB4189FA7D0D}.Debug|Win32.Build.0 = Debug|Win32
		{5A9DC7E7-4ACA-46F3-A75C-AB4189FA7D0D}.Release|Win32.ActiveCfg = Release|Win32
		{5A9DC7E7-4ACA-46F3-A75C-AB4189FA7D0D}.Release|Win32.Build.0 = Release|Win32
		{4C2D6201-3BD9-4F02-9C9B-E0F0590F3909}.Debug|Win32.ActiveCfg = Debug|Win32
		{4C2D6201-3BD9-4F02-9C9B-E0F0590F3909}.Debug|Win32.Build.0 = Debug|Win32
		{4C2D6201-3BD9-4F02-9C9B-E0F0590F3909}.Release|Win32.ActiveCfg = Release|Win32
		{4C2D6201-3BD9-4F02-9C9B-E0F0590F3909}.Release|Win32.Build.0 = Release|Win32
	EndGlobalSection
	GlobalSection(SolutionProperties) = preSolution
		HideSolutionNode = FALSE
	EndGlobalSection
EndGlobal
